{
  "version": 4,
  "terraform_version": "1.1.6",
  "serial": 105,
  "lineage": "9b013d1c-dc4c-4818-7b9f-13222362336e",
  "outputs": {},
  "resources": [
    {
      "mode": "data",
      "type": "archive_file",
      "name": "bzst",
      "provider": "provider[\"registry.terraform.io/hashicorp/archive\"]",
      "instances": [
        {
          "schema_version": 0,
          "attributes": {
            "exclude_symlink_directories": null,
            "excludes": null,
            "id": "5b2b6d2b25c859a4707826cb2919ddaa5fd7c8a8",
            "output_base64sha256": "9O5b+87UkpL+HsNd47JBKoSja4x+yj0WpMw7hjNTUK8=",
            "output_base64sha512": "DczkeyO2D3kr79yPc2tMq1ZNl8a7zLGLyjiYp+5sAG07ZfkBzlZB4QC9UAcM/jt+cFX0yVtLVkhHPeEcyQeH7A==",
            "output_file_mode": null,
            "output_md5": "9be9d51f931479d610bd51a72e4352a9",
            "output_path": "lambda/bzst/lambda_function.zip",
            "output_sha": "5b2b6d2b25c859a4707826cb2919ddaa5fd7c8a8",
            "output_sha256": "f4ee5bfbced49292fe1ec35de3b2412a84a36b8c7eca3d16a4cc3b86335350af",
            "output_sha512": "0dcce47b23b60f792befdc8f736b4cab564d97c6bbccb18bca3898a7ee6c006d3b65f901ce5641e100bd50070cfe3b7e7055f4c95b4b5648473de11cc90787ec",
            "output_size": 664,
            "source": [],
            "source_content": null,
            "source_content_filename": null,
            "source_dir": null,
            "source_file": "lambda/bzst/lambda_function.py",
            "type": "zip"
          },
          "sensitive_attributes": []
        }
      ]
    },
    {
      "mode": "data",
      "type": "archive_file",
      "name": "hrmc",
      "provider": "provider[\"registry.terraform.io/hashicorp/archive\"]",
      "instances": [
        {
          "schema_version": 0,
          "attributes": {
            "exclude_symlink_directories": null,
            "excludes": null,
            "id": "65acc7e31dfeb672a5548b7380f4b707f3521689",
            "output_base64sha256": "YGBzl/ywHAslSGLDgddX59BkPtpynq9L3mcx19dfbGk=",
            "output_base64sha512": "p+JH3xcxhLXGAX/rmcDc+lJEciZ3hbDaJ1cS0Z78DTAWHAFs2l9H78VqjmBxKUIfQpyHRYVrlDlwgfRUdT0eDQ==",
            "output_file_mode": null,
            "output_md5": "ccb0b06dc4a1ca42bc4b70ac9e14ba90",
            "output_path": "lambda/hrmc/lambda_function.zip",
            "output_sha": "65acc7e31dfeb672a5548b7380f4b707f3521689",
            "output_sha256": "60607397fcb01c0b254862c381d757e7d0643eda729eaf4bde6731d7d75f6c69",
            "output_sha512": "a7e247df173184b5c6017feb99c0dcfa524472267785b0da275712d19efc0d30161c016cda5f47efc56a8e607129421f429c8745856b94397081f454753d1e0d",
            "output_size": 663,
            "source": [],
            "source_content": null,
            "source_content_filename": null,
            "source_dir": null,
            "source_file": "lambda/hrmc/lambda_function.py",
            "type": "zip"
          },
          "sensitive_attributes": []
        }
      ]
    },
    {
      "mode": "data",
      "type": "archive_file",
      "name": "lambda_validate",
      "provider": "provider[\"registry.terraform.io/hashicorp/archive\"]",
      "instances": [
        {
          "schema_version": 0,
          "attributes": {
            "exclude_symlink_directories": null,
            "excludes": null,
            "id": "fa32cfbe76917c6cd8670f1627739083bda11905",
            "output_base64sha256": "dZR6KcrnQdkJau47eJDrQ7E/iPj2Jt+bADSGNVhP6Jk=",
            "output_base64sha512": "M3hgWQorSDMfELOf7GFxOzqtbyEfVmcsf812LmUuzWQBUz5p7UQ+PtM2zgS8AxMsxRM3Grdi+b6OTMjSsjB8WA==",
            "output_file_mode": null,
            "output_md5": "6d9e41686d90ab853e332fc20620200c",
            "output_path": "lambda/validate/lambda_function.zip",
            "output_sha": "fa32cfbe76917c6cd8670f1627739083bda11905",
            "output_sha256": "75947a29cae741d9096aee3b7890eb43b13f88f8f626df9b00348635584fe899",
            "output_sha512": "337860590a2b48331f10b39fec61713b3aad6f211f56672c7fcd762e652ecd6401533e69ed443e3ed336ce04bc03132cc513371ab762f9be8e4cc8d2b2307c58",
            "output_size": 743,
            "source": [],
            "source_content": null,
            "source_content_filename": null,
            "source_dir": null,
            "source_file": "lambda/validate/lambda_function.py",
            "type": "zip"
          },
          "sensitive_attributes": []
        }
      ]
    },
    {
      "mode": "data",
      "type": "archive_file",
      "name": "vies",
      "provider": "provider[\"registry.terraform.io/hashicorp/archive\"]",
      "instances": [
        {
          "schema_version": 0,
          "attributes": {
            "exclude_symlink_directories": null,
            "excludes": null,
            "id": "18092f2a120255bf9416e890c4363c9b498853b1",
            "output_base64sha256": "q+cKa/YHvs1vAaHAR+j5jwE2RxAjhfcP5PCZt+trH9w=",
            "output_base64sha512": "waXDqFidhIl6DfQVVV30/fixQoCqInrLESA1mpYRQjQNN4d6Z6osokyLUEuG49sjtZwiazc6Lcj1zTUFVZQ20g==",
            "output_file_mode": null,
            "output_md5": "d1089b5b8c605d32abeae8b5599122e2",
            "output_path": "lambda/vies/lambda_function.zip",
            "output_sha": "18092f2a120255bf9416e890c4363c9b498853b1",
            "output_sha256": "abe70a6bf607becd6f01a1c047e8f98f013647102385f70fe4f099b7eb6b1fdc",
            "output_sha512": "c1a5c3a8589d84897a0df415555df4fdf8b14280aa227acb1120359a961142340d37877a67aa2ca24c8b504b86e3db23b59c226b373a2dc8f5cd3505559436d2",
            "output_size": 663,
            "source": [],
            "source_content": null,
            "source_content_filename": null,
            "source_dir": null,
            "source_file": "lambda/vies/lambda_function.py",
            "type": "zip"
          },
          "sensitive_attributes": []
        }
      ]
    },
    {
      "mode": "data",
      "type": "aws_caller_identity",
      "name": "current",
      "provider": "provider[\"registry.terraform.io/hashicorp/aws\"]",
      "instances": [
        {
          "schema_version": 0,
          "attributes": {
            "account_id": "547989225539",
            "arn": "arn:aws:iam::547989225539:user/dseichter",
            "id": "547989225539",
            "user_id": "AIDAX7FVUABBQGDSXWBSS"
          },
          "sensitive_attributes": []
        }
      ]
    },
    {
      "mode": "data",
      "type": "aws_iam_policy_document",
      "name": "assume_role",
      "provider": "provider[\"registry.terraform.io/hashicorp/aws\"]",
      "instances": [
        {
          "schema_version": 0,
          "attributes": {
            "id": "2690255455",
            "json": "{\n  \"Version\": \"2012-10-17\",\n  \"Statement\": [\n    {\n      \"Effect\": \"Allow\",\n      \"Action\": \"sts:AssumeRole\",\n      \"Principal\": {\n        \"Service\": \"lambda.amazonaws.com\"\n      }\n    }\n  ]\n}",
            "override_policy_documents": null,
            "policy_id": null,
            "source_policy_documents": null,
            "statement": [
              {
                "actions": [
                  "sts:AssumeRole"
                ],
                "condition": [],
                "effect": "Allow",
                "not_actions": [],
                "not_principals": [],
                "not_resources": [],
                "principals": [
                  {
                    "identifiers": [
                      "lambda.amazonaws.com"
                    ],
                    "type": "Service"
                  }
                ],
                "resources": [],
                "sid": ""
              }
            ],
            "version": "2012-10-17"
          },
          "sensitive_attributes": []
        }
      ]
    },
    {
      "mode": "data",
      "type": "aws_route53_zone",
      "name": "erpware_co",
      "provider": "provider[\"registry.terraform.io/hashicorp/aws\"]",
      "instances": [
        {
          "schema_version": 0,
          "attributes": {
            "arn": "arn:aws:route53:::hostedzone/Z048046123LPTCQH2N1X",
            "caller_reference": "RISWorkflow-RD:e7fba1c8-65cd-494e-9653-1de3a46d9b38",
            "comment": "Managed by Terraform",
            "id": "Z048046123LPTCQH2N1X",
            "linked_service_description": null,
            "linked_service_principal": null,
            "name": "erpware.co",
            "name_servers": [
              "ns-479.awsdns-59.com",
              "ns-1071.awsdns-05.org",
              "ns-1794.awsdns-32.co.uk",
              "ns-797.awsdns-35.net"
            ],
            "primary_name_server": "ns-479.awsdns-59.com",
            "private_zone": false,
            "resource_record_set_count": 18,
            "tags": {
              "ew:terraform": "yes"
            },
            "vpc_id": null,
            "zone_id": "Z048046123LPTCQH2N1X"
          },
          "sensitive_attributes": []
        }
      ]
    },
    {
      "mode": "managed",
      "type": "aws_acm_certificate",
      "name": "vat_erpware_co",
      "provider": "provider[\"registry.terraform.io/hashicorp/aws\"]",
      "instances": [
        {
          "schema_version": 0,
          "attributes": {
            "arn": "arn:aws:acm:eu-central-1:547989225539:certificate/7b35ae5a-8826-49a8-b245-8a0f77736b2d",
            "certificate_authority_arn": "",
            "certificate_body": null,
            "certificate_chain": null,
            "domain_name": "vat.erpware.co",
            "domain_validation_options": [
              {
                "domain_name": "vat.erpware.co",
                "resource_record_name": "_2abf8dbdde292f3f26b8d037d2192658.vat.erpware.co.",
                "resource_record_type": "CNAME",
                "resource_record_value": "_a1586f13c64b9beba2f8952087ccdc53.mhbtsbpdnt.acm-validations.aws."
              }
            ],
            "early_renewal_duration": "",
            "id": "arn:aws:acm:eu-central-1:547989225539:certificate/7b35ae5a-8826-49a8-b245-8a0f77736b2d",
            "key_algorithm": "RSA_2048",
            "not_after": "2025-03-05T23:59:59Z",
            "not_before": "2024-02-05T00:00:00Z",
            "options": [
              {
                "certificate_transparency_logging_preference": "ENABLED"
              }
            ],
            "pending_renewal": false,
            "private_key": null,
            "renewal_eligibility": "ELIGIBLE",
            "renewal_summary": [],
            "status": "ISSUED",
            "subject_alternative_names": [
              "vat.erpware.co"
            ],
            "tags": {},
            "tags_all": {
              "Project": "VAT-Service",
              "terraform": "yes"
            },
            "type": "AMAZON_ISSUED",
            "validation_emails": [],
            "validation_method": "DNS",
            "validation_option": []
          },
          "sensitive_attributes": [],
          "private": "bnVsbA=="
        }
      ]
    },
    {
      "mode": "managed",
      "type": "aws_acm_certificate_validation",
      "name": "vat_erpware_co",
      "provider": "provider[\"registry.terraform.io/hashicorp/aws\"]",
      "instances": [
        {
          "schema_version": 0,
          "attributes": {
            "certificate_arn": "arn:aws:acm:eu-central-1:547989225539:certificate/7b35ae5a-8826-49a8-b245-8a0f77736b2d",
            "id": "2024-02-05 20:17:45.609 +0000 UTC",
            "timeouts": null,
            "validation_record_fqdns": [
              "_2abf8dbdde292f3f26b8d037d2192658.vat.erpware.co"
            ]
          },
          "sensitive_attributes": [],
          "private": "eyJlMmJmYjczMC1lY2FhLTExZTYtOGY4OC0zNDM2M2JjN2M0YzAiOnsiY3JlYXRlIjo0NTAwMDAwMDAwMDAwfX0=",
          "dependencies": [
            "aws_acm_certificate.vat_erpware_co",
            "aws_route53_record.vat_erpware_co_acm",
            "data.aws_route53_zone.erpware_co"
          ]
        }
      ]
    },
    {
      "mode": "managed",
      "type": "aws_api_gateway_base_path_mapping",
      "name": "vat_erpware_co",
      "provider": "provider[\"registry.terraform.io/hashicorp/aws\"]",
      "instances": [
        {
          "schema_version": 0,
          "attributes": {
            "api_id": "x7dkfhk6wb",
            "base_path": "",
            "domain_name": "vat.erpware.co",
            "id": "vat.erpware.co/",
            "stage_name": ""
          },
          "sensitive_attributes": [],
          "private": "bnVsbA==",
          "dependencies": [
            "aws_acm_certificate.vat_erpware_co",
            "aws_acm_certificate_validation.vat_erpware_co",
            "aws_api_gateway_domain_name.vat_erpware_co",
            "aws_api_gateway_rest_api.vat_service",
            "aws_route53_record.vat_erpware_co_acm",
            "data.aws_route53_zone.erpware_co"
          ]
        }
      ]
    },
    {
      "mode": "managed",
      "type": "aws_api_gateway_deployment",
      "name": "deployment",
      "provider": "provider[\"registry.terraform.io/hashicorp/aws\"]",
      "instances": [
        {
          "schema_version": 0,
          "attributes": {
            "created_date": "2024-02-06T20:37:52Z",
            "description": "",
            "execution_arn": "arn:aws:execute-api:eu-central-1:547989225539:x7dkfhk6wb/",
            "id": "05x8zq",
            "invoke_url": "https://x7dkfhk6wb.execute-api.eu-central-1.amazonaws.com/",
            "rest_api_id": "x7dkfhk6wb",
            "stage_description": null,
            "stage_name": null,
            "triggers": {
              "redeployment": "aa4f97e8ccae50ec0ca6ed42aa453ed958dd488a"
            },
            "variables": null
          },
          "sensitive_attributes": [],
          "private": "bnVsbA==",
          "dependencies": [
            "aws_api_gateway_integration.validate_post",
            "aws_api_gateway_method.validate_post",
            "aws_api_gateway_resource.validate",
            "aws_api_gateway_rest_api.vat_service",
            "aws_iam_role.vat_validate",
            "aws_lambda_function.lambda_validate",
            "aws_sfn_state_machine.validation",
            "data.archive_file.lambda_validate",
            "data.aws_iam_policy_document.assume_role"
          ],
          "create_before_destroy": true
        }
      ]
    },
    {
      "mode": "managed",
      "type": "aws_api_gateway_domain_name",
      "name": "vat_erpware_co",
      "provider": "provider[\"registry.terraform.io/hashicorp/aws\"]",
      "instances": [
        {
          "schema_version": 0,
          "attributes": {
            "arn": "arn:aws:apigateway:eu-central-1::/domainnames/vat.erpware.co",
            "certificate_arn": "",
            "certificate_body": null,
            "certificate_chain": null,
            "certificate_name": "",
            "certificate_private_key": null,
            "certificate_upload_date": "2024-02-05T20:18:10Z",
            "cloudfront_domain_name": "",
            "cloudfront_zone_id": "Z2FDTNDATAQYW2",
            "domain_name": "vat.erpware.co",
            "endpoint_configuration": [
              {
                "types": [
                  "REGIONAL"
                ]
              }
            ],
            "id": "vat.erpware.co",
            "mutual_tls_authentication": [],
            "ownership_verification_certificate_arn": "",
            "regional_certificate_arn": "arn:aws:acm:eu-central-1:547989225539:certificate/7b35ae5a-8826-49a8-b245-8a0f77736b2d",
            "regional_certificate_name": "",
            "regional_domain_name": "d-c2dxn2gcb2.execute-api.eu-central-1.amazonaws.com",
            "regional_zone_id": "Z1U9ULNL0V5AJ3",
            "security_policy": "TLS_1_2",
            "tags": {},
            "tags_all": {
              "Project": "VAT-Service",
              "terraform": "yes"
            }
          },
          "sensitive_attributes": [],
          "private": "bnVsbA==",
          "dependencies": [
            "aws_acm_certificate.vat_erpware_co",
            "aws_acm_certificate_validation.vat_erpware_co",
            "aws_route53_record.vat_erpware_co_acm",
            "data.aws_route53_zone.erpware_co"
          ]
        }
      ]
    },
    {
      "mode": "managed",
      "type": "aws_api_gateway_integration",
      "name": "validate_post",
      "provider": "provider[\"registry.terraform.io/hashicorp/aws\"]",
      "instances": [
        {
          "schema_version": 0,
          "attributes": {
            "cache_key_parameters": [],
            "cache_namespace": "cknkse",
            "connection_id": "",
            "connection_type": "INTERNET",
            "content_handling": "",
            "credentials": "",
            "http_method": "POST",
            "id": "agi-x7dkfhk6wb-cknkse-POST",
            "integration_http_method": "POST",
            "passthrough_behavior": "WHEN_NO_MATCH",
            "request_parameters": {},
            "request_templates": {},
            "resource_id": "cknkse",
            "rest_api_id": "x7dkfhk6wb",
            "timeout_milliseconds": 29000,
            "tls_config": [],
            "type": "AWS_PROXY",
            "uri": "arn:aws:apigateway:eu-central-1:lambda:path/2015-03-31/functions/arn:aws:lambda:eu-central-1:547989225539:function:vat-validate/invocations"
          },
          "sensitive_attributes": [],
          "private": "bnVsbA==",
          "dependencies": [
            "aws_api_gateway_method.validate_post",
            "aws_api_gateway_resource.validate",
            "aws_api_gateway_rest_api.vat_service",
            "aws_iam_role.vat_validate",
            "aws_lambda_function.lambda_validate",
            "aws_sfn_state_machine.validation",
            "data.archive_file.lambda_validate",
            "data.aws_iam_policy_document.assume_role"
          ],
          "create_before_destroy": true
        }
      ]
    },
    {
      "mode": "managed",
      "type": "aws_api_gateway_integration_response",
      "name": "validate_post",
      "provider": "provider[\"registry.terraform.io/hashicorp/aws\"]",
      "instances": [
        {
          "schema_version": 0,
          "attributes": {
            "content_handling": "",
            "http_method": "POST",
            "id": "agir-x7dkfhk6wb-cknkse-POST-200",
            "resource_id": "cknkse",
            "response_parameters": {},
            "response_templates": {},
            "rest_api_id": "x7dkfhk6wb",
            "selection_pattern": "",
            "status_code": "200"
          },
          "sensitive_attributes": [],
          "private": "bnVsbA==",
          "dependencies": [
            "aws_api_gateway_integration.validate_post",
            "aws_api_gateway_method.validate_post",
            "aws_api_gateway_resource.validate",
            "aws_api_gateway_rest_api.vat_service",
            "aws_iam_role.vat_validate",
            "aws_lambda_function.lambda_validate",
            "aws_sfn_state_machine.validation",
            "data.archive_file.lambda_validate",
            "data.aws_iam_policy_document.assume_role"
          ]
        }
      ]
    },
    {
      "mode": "managed",
      "type": "aws_api_gateway_method",
      "name": "validate_post",
      "provider": "provider[\"registry.terraform.io/hashicorp/aws\"]",
      "instances": [
        {
          "schema_version": 0,
          "attributes": {
            "api_key_required": false,
            "authorization": "NONE",
            "authorization_scopes": [],
            "authorizer_id": "",
            "http_method": "POST",
            "id": "agm-x7dkfhk6wb-cknkse-POST",
            "operation_name": "",
            "request_models": {},
            "request_parameters": {},
            "request_validator_id": "",
            "resource_id": "cknkse",
            "rest_api_id": "x7dkfhk6wb"
          },
          "sensitive_attributes": [],
          "private": "bnVsbA==",
          "dependencies": [
            "aws_api_gateway_resource.validate",
            "aws_api_gateway_rest_api.vat_service"
          ],
          "create_before_destroy": true
        }
      ]
    },
    {
      "mode": "managed",
      "type": "aws_api_gateway_resource",
      "name": "validate",
      "provider": "provider[\"registry.terraform.io/hashicorp/aws\"]",
      "instances": [
        {
          "schema_version": 0,
          "attributes": {
            "id": "cknkse",
            "parent_id": "v11esb30qf",
            "path": "/validate",
            "path_part": "validate",
            "rest_api_id": "x7dkfhk6wb"
          },
          "sensitive_attributes": [],
          "private": "bnVsbA==",
          "dependencies": [
            "aws_api_gateway_rest_api.vat_service"
          ],
          "create_before_destroy": true
        }
      ]
    },
    {
      "mode": "managed",
      "type": "aws_api_gateway_rest_api",
      "name": "vat_service",
      "provider": "provider[\"registry.terraform.io/hashicorp/aws\"]",
      "instances": [
        {
          "schema_version": 0,
          "attributes": {
            "api_key_source": "HEADER",
            "arn": "arn:aws:apigateway:eu-central-1::/restapis/x7dkfhk6wb",
            "binary_media_types": [],
            "body": null,
            "created_date": "2024-02-05T20:17:10Z",
            "description": "VAT Service for validating VAT numbers.",
            "disable_execute_api_endpoint": false,
            "endpoint_configuration": [
              {
                "types": [
                  "REGIONAL"
                ],
                "vpc_endpoint_ids": []
              }
            ],
            "execution_arn": "arn:aws:execute-api:eu-central-1:547989225539:x7dkfhk6wb",
            "fail_on_warnings": null,
            "id": "x7dkfhk6wb",
            "minimum_compression_size": "",
            "name": "vat-service",
            "parameters": null,
            "policy": "",
            "put_rest_api_mode": null,
            "root_resource_id": "v11esb30qf",
            "tags": {},
            "tags_all": {
              "Project": "VAT-Service",
              "terraform": "yes"
            }
          },
          "sensitive_attributes": [],
          "private": "bnVsbA==",
          "create_before_destroy": true
        }
      ]
    },
    {
      "mode": "managed",
      "type": "aws_api_gateway_stage",
      "name": "v1",
      "provider": "provider[\"registry.terraform.io/hashicorp/aws\"]",
      "instances": [
        {
          "schema_version": 0,
          "attributes": {
            "access_log_settings": [],
            "arn": "arn:aws:apigateway:eu-central-1::/restapis/x7dkfhk6wb/stages/v1",
            "cache_cluster_enabled": false,
            "cache_cluster_size": "",
            "canary_settings": [],
            "client_certificate_id": "",
            "deployment_id": "05x8zq",
            "description": "",
            "documentation_version": "",
            "execution_arn": "arn:aws:execute-api:eu-central-1:547989225539:x7dkfhk6wb/v1",
            "id": "ags-x7dkfhk6wb-v1",
            "invoke_url": "https://x7dkfhk6wb.execute-api.eu-central-1.amazonaws.com/v1",
            "rest_api_id": "x7dkfhk6wb",
            "stage_name": "v1",
            "tags": {},
            "tags_all": {
              "Project": "VAT-Service",
              "terraform": "yes"
            },
            "variables": {},
            "web_acl_arn": "",
            "xray_tracing_enabled": false
          },
          "sensitive_attributes": [],
          "private": "bnVsbA==",
          "dependencies": [
            "aws_api_gateway_deployment.deployment",
            "aws_api_gateway_integration.validate_post",
            "aws_api_gateway_method.validate_post",
            "aws_api_gateway_resource.validate",
            "aws_api_gateway_rest_api.vat_service",
            "aws_iam_role.vat_validate",
            "aws_lambda_function.lambda_validate",
            "aws_sfn_state_machine.validation",
            "data.archive_file.lambda_validate",
            "data.aws_iam_policy_document.assume_role"
          ]
        }
      ]
    },
    {
      "mode": "managed",
      "type": "aws_cloudwatch_log_group",
      "name": "validate",
      "provider": "provider[\"registry.terraform.io/hashicorp/aws\"]",
      "instances": [
        {
          "schema_version": 0,
          "attributes": {
            "arn": "arn:aws:logs:eu-central-1:547989225539:log-group:/aws/lambda/vat-validate",
            "id": "/aws/lambda/vat-validate",
            "kms_key_id": "",
            "log_group_class": "STANDARD",
            "name": "/aws/lambda/vat-validate",
            "name_prefix": "",
            "retention_in_days": 14,
            "skip_destroy": false,
            "tags": {},
            "tags_all": {
              "Project": "VAT-Service",
              "terraform": "yes"
            }
          },
          "sensitive_attributes": [],
          "private": "bnVsbA==",
          "dependencies": [
            "aws_iam_role.vat_validate",
            "aws_lambda_function.lambda_validate",
            "aws_sfn_state_machine.validation",
            "data.archive_file.lambda_validate",
            "data.aws_iam_policy_document.assume_role"
          ]
        }
      ]
    },
    {
      "mode": "managed",
      "type": "aws_cloudwatch_log_group",
      "name": "validate-bzst",
      "provider": "provider[\"registry.terraform.io/hashicorp/aws\"]",
      "instances": [
        {
          "schema_version": 0,
          "attributes": {
            "arn": "arn:aws:logs:eu-central-1:547989225539:log-group:/aws/lambda/vat-validate-bzst",
            "id": "/aws/lambda/vat-validate-bzst",
            "kms_key_id": "",
            "log_group_class": "STANDARD",
            "name": "/aws/lambda/vat-validate-bzst",
            "name_prefix": "",
            "retention_in_days": 14,
            "skip_destroy": false,
            "tags": {},
            "tags_all": {
              "Project": "VAT-Service",
              "terraform": "yes"
            }
          },
          "sensitive_attributes": [],
          "private": "bnVsbA==",
          "dependencies": [
            "aws_dynamodb_table.ew_validation_service",
            "aws_iam_role.bzst",
            "aws_lambda_function.bzst",
            "data.archive_file.bzst",
            "data.aws_iam_policy_document.assume_role"
          ]
        }
      ]
    },
    {
      "mode": "managed",
      "type": "aws_cloudwatch_log_group",
      "name": "validate-hrmc",
      "provider": "provider[\"registry.terraform.io/hashicorp/aws\"]",
      "instances": [
        {
          "schema_version": 0,
          "attributes": {
            "arn": "arn:aws:logs:eu-central-1:547989225539:log-group:/aws/lambda/vat-validate-hrmc",
            "id": "/aws/lambda/vat-validate-hrmc",
            "kms_key_id": "",
            "log_group_class": "STANDARD",
            "name": "/aws/lambda/vat-validate-hrmc",
            "name_prefix": "",
            "retention_in_days": 14,
            "skip_destroy": false,
            "tags": {},
            "tags_all": {
              "Project": "VAT-Service",
              "terraform": "yes"
            }
          },
          "sensitive_attributes": [],
          "private": "bnVsbA==",
          "dependencies": [
            "aws_dynamodb_table.ew_validation_service",
            "aws_iam_role.hrmc",
            "aws_lambda_function.hrmc",
            "data.archive_file.hrmc",
            "data.aws_iam_policy_document.assume_role"
          ]
        }
      ]
    },
    {
      "mode": "managed",
      "type": "aws_cloudwatch_log_group",
      "name": "validate-vies",
      "provider": "provider[\"registry.terraform.io/hashicorp/aws\"]",
      "instances": [
        {
          "schema_version": 0,
          "attributes": {
            "arn": "arn:aws:logs:eu-central-1:547989225539:log-group:/aws/lambda/vat-validate-vies",
            "id": "/aws/lambda/vat-validate-vies",
            "kms_key_id": "",
            "log_group_class": "STANDARD",
            "name": "/aws/lambda/vat-validate-vies",
            "name_prefix": "",
            "retention_in_days": 14,
            "skip_destroy": false,
            "tags": {},
            "tags_all": {
              "Project": "VAT-Service",
              "terraform": "yes"
            }
          },
          "sensitive_attributes": [],
          "private": "bnVsbA==",
          "dependencies": [
            "aws_dynamodb_table.ew_validation_service",
            "aws_iam_role.vies",
            "aws_lambda_function.vies",
            "data.archive_file.vies",
            "data.aws_iam_policy_document.assume_role"
          ]
        }
      ]
    },
    {
      "mode": "managed",
      "type": "aws_dynamodb_table",
      "name": "ew_validation_service",
      "provider": "provider[\"registry.terraform.io/hashicorp/aws\"]",
      "instances": [
        {
          "schema_version": 1,
          "attributes": {
            "arn": "arn:aws:dynamodb:eu-central-1:547989225539:table/ew_validation_service",
            "attribute": [
              {
                "name": "vat",
                "type": "S"
              }
            ],
            "billing_mode": "PAY_PER_REQUEST",
            "deletion_protection_enabled": false,
            "global_secondary_index": [],
            "hash_key": "vat",
            "id": "ew_validation_service",
            "import_table": [],
            "local_secondary_index": [],
            "name": "ew_validation_service",
            "point_in_time_recovery": [
              {
                "enabled": true
              }
            ],
            "range_key": null,
            "read_capacity": 0,
            "replica": [],
            "restore_date_time": null,
            "restore_source_name": null,
            "restore_to_latest_time": null,
            "server_side_encryption": [],
            "stream_arn": "",
            "stream_enabled": false,
            "stream_label": "",
            "stream_view_type": "",
            "table_class": "STANDARD",
            "tags": {},
            "tags_all": {
              "Project": "VAT-Service",
              "terraform": "yes"
            },
            "timeouts": {
              "create": null,
              "delete": null,
              "update": null
            },
            "ttl": [
              {
                "attribute_name": "",
                "enabled": false
              }
            ],
            "write_capacity": 0
          },
          "sensitive_attributes": [],
          "private": "eyJlMmJmYjczMC1lY2FhLTExZTYtOGY4OC0zNDM2M2JjN2M0YzAiOnsiY3JlYXRlIjoxODAwMDAwMDAwMDAwLCJkZWxldGUiOjYwMDAwMDAwMDAwMCwidXBkYXRlIjozNjAwMDAwMDAwMDAwfSwic2NoZW1hX3ZlcnNpb24iOiIxIn0="
        }
      ]
    },
    {
      "mode": "managed",
      "type": "aws_iam_policy",
      "name": "bzst",
      "provider": "provider[\"registry.terraform.io/hashicorp/aws\"]",
      "instances": [
        {
          "schema_version": 0,
          "attributes": {
            "arn": "arn:aws:iam::547989225539:policy/service-role/ew_policy-vat-validate-bzst",
            "description": "",
            "id": "arn:aws:iam::547989225539:policy/service-role/ew_policy-vat-validate-bzst",
            "name": "ew_policy-vat-validate-bzst",
            "name_prefix": "",
            "path": "/service-role/",
            "policy": "{\"Statement\":[{\"Action\":[\"logs:CreateLogStream\",\"logs:PutLogEvents\"],\"Effect\":\"Allow\",\"Resource\":\"arn:aws:logs:eu-central-1:547989225539:log-group:/aws/lambda/vat-validate-bzst:*\",\"Sid\":\"VisualEditor0\"},{\"Action\":[\"dynamodb:BatchGetItem\",\"dynamodb:BatchWriteItem\",\"dynamodb:PutItem\",\"dynamodb:GetItem\",\"dynamodb:Scan\",\"dynamodb:Query\",\"dynamodb:UpdateItem\"],\"Effect\":\"Allow\",\"Resource\":[\"arn:aws:dynamodb:eu-central-1:547989225539:table/ew_validation_service\"],\"Sid\":\"VisualEditor1\"}],\"Version\":\"2012-10-17\"}",
            "policy_id": "ANPAX7FVUABBQBQTWCW6G",
            "tags": {},
            "tags_all": {
              "Project": "VAT-Service",
              "terraform": "yes"
            }
          },
          "sensitive_attributes": [],
          "private": "bnVsbA==",
          "dependencies": [
            "aws_cloudwatch_log_group.validate-bzst",
            "aws_dynamodb_table.ew_validation_service",
            "aws_iam_role.bzst",
            "aws_lambda_function.bzst",
            "data.archive_file.bzst",
            "data.aws_iam_policy_document.assume_role"
          ]
        }
      ]
    },
    {
      "mode": "managed",
      "type": "aws_iam_policy",
      "name": "hrmc",
      "provider": "provider[\"registry.terraform.io/hashicorp/aws\"]",
      "instances": [
        {
          "schema_version": 0,
          "attributes": {
            "arn": "arn:aws:iam::547989225539:policy/service-role/ew_policy-vat-validate-hrmc",
            "description": "",
            "id": "arn:aws:iam::547989225539:policy/service-role/ew_policy-vat-validate-hrmc",
            "name": "ew_policy-vat-validate-hrmc",
            "name_prefix": "",
            "path": "/service-role/",
            "policy": "{\"Statement\":[{\"Action\":[\"logs:CreateLogStream\",\"logs:PutLogEvents\"],\"Effect\":\"Allow\",\"Resource\":\"arn:aws:logs:eu-central-1:547989225539:log-group:/aws/lambda/vat-validate-hrmc:*\",\"Sid\":\"VisualEditor0\"},{\"Action\":[\"dynamodb:BatchGetItem\",\"dynamodb:BatchWriteItem\",\"dynamodb:PutItem\",\"dynamodb:GetItem\",\"dynamodb:Scan\",\"dynamodb:Query\",\"dynamodb:UpdateItem\"],\"Effect\":\"Allow\",\"Resource\":[\"arn:aws:dynamodb:eu-central-1:547989225539:table/ew_validation_service\"],\"Sid\":\"VisualEditor1\"}],\"Version\":\"2012-10-17\"}",
            "policy_id": "ANPAX7FVUABBTISDZSK3G",
            "tags": {},
            "tags_all": {
              "Project": "VAT-Service",
              "terraform": "yes"
            }
          },
          "sensitive_attributes": [],
          "private": "bnVsbA==",
          "dependencies": [
            "aws_cloudwatch_log_group.validate-hrmc",
            "aws_dynamodb_table.ew_validation_service",
            "aws_iam_role.hrmc",
            "aws_lambda_function.hrmc",
            "data.archive_file.hrmc",
            "data.aws_iam_policy_document.assume_role"
          ]
        }
      ]
    },
    {
      "mode": "managed",
      "type": "aws_iam_policy",
      "name": "iam_policy_vat_service",
      "provider": "provider[\"registry.terraform.io/hashicorp/aws\"]",
      "instances": [
        {
          "schema_version": 0,
          "attributes": {
            "arn": "arn:aws:iam::547989225539:policy/service-role/ew_policy-vat-validate",
            "description": "",
            "id": "arn:aws:iam::547989225539:policy/service-role/ew_policy-vat-validate",
            "name": "ew_policy-vat-validate",
            "name_prefix": "",
            "path": "/service-role/",
            "policy": "{\"Statement\":[{\"Action\":[\"logs:CreateLogStream\",\"logs:PutLogEvents\"],\"Effect\":\"Allow\",\"Resource\":\"arn:aws:logs:eu-central-1:547989225539:log-group:/aws/lambda/vat-validate:*\",\"Sid\":\"Cloudwatch\"},{\"Action\":[\"states:StartExecution\"],\"Effect\":\"Allow\",\"Resource\":[\"arn:aws:states:eu-central-1:547989225539:stateMachine:MyStateMachine-r4vhmkgsv\"],\"Sid\":\"StepFunction\"}],\"Version\":\"2012-10-17\"}",
            "policy_id": "ANPAX7FVUABBTGXYH2QHC",
            "tags": {},
            "tags_all": {
              "Project": "VAT-Service",
              "terraform": "yes"
            }
          },
          "sensitive_attributes": [],
          "private": "bnVsbA==",
          "dependencies": [
            "aws_cloudwatch_log_group.validate",
            "aws_iam_role.vat_validate",
            "aws_lambda_function.lambda_validate",
            "aws_sfn_state_machine.validation",
            "data.archive_file.lambda_validate"
          ]
        }
      ]
    },
    {
      "mode": "managed",
      "type": "aws_iam_policy",
      "name": "vies",
      "provider": "provider[\"registry.terraform.io/hashicorp/aws\"]",
      "instances": [
        {
          "schema_version": 0,
          "attributes": {
            "arn": "arn:aws:iam::547989225539:policy/service-role/ew_policy-vat-validate-vies",
            "description": "",
            "id": "arn:aws:iam::547989225539:policy/service-role/ew_policy-vat-validate-vies",
            "name": "ew_policy-vat-validate-vies",
            "name_prefix": "",
            "path": "/service-role/",
            "policy": "{\"Statement\":[{\"Action\":[\"logs:CreateLogStream\",\"logs:PutLogEvents\"],\"Effect\":\"Allow\",\"Resource\":\"arn:aws:logs:eu-central-1:547989225539:log-group:/aws/lambda/vat-validate-vies:*\",\"Sid\":\"VisualEditor0\"},{\"Action\":[\"dynamodb:BatchGetItem\",\"dynamodb:BatchWriteItem\",\"dynamodb:PutItem\",\"dynamodb:GetItem\",\"dynamodb:Scan\",\"dynamodb:Query\",\"dynamodb:UpdateItem\"],\"Effect\":\"Allow\",\"Resource\":[\"arn:aws:dynamodb:eu-central-1:547989225539:table/ew_validation_service\"],\"Sid\":\"VisualEditor1\"}],\"Version\":\"2012-10-17\"}",
            "policy_id": "ANPAX7FVUABBXPBSOSDDV",
            "tags": {},
            "tags_all": {
              "Project": "VAT-Service",
              "terraform": "yes"
            }
          },
          "sensitive_attributes": [],
          "private": "bnVsbA==",
          "dependencies": [
            "aws_cloudwatch_log_group.validate-vies",
            "aws_dynamodb_table.ew_validation_service",
            "aws_iam_role.vies",
            "aws_lambda_function.vies",
            "data.archive_file.vies",
            "data.aws_iam_policy_document.assume_role"
          ]
        }
      ]
    },
    {
      "mode": "managed",
      "type": "aws_iam_role",
      "name": "bzst",
      "provider": "provider[\"registry.terraform.io/hashicorp/aws\"]",
      "instances": [
        {
          "schema_version": 0,
          "attributes": {
            "arn": "arn:aws:iam::547989225539:role/vat_validate_bzst",
            "assume_role_policy": "{\"Statement\":[{\"Action\":\"sts:AssumeRole\",\"Effect\":\"Allow\",\"Principal\":{\"Service\":\"lambda.amazonaws.com\"}}],\"Version\":\"2012-10-17\"}",
            "create_date": "2024-02-05T21:02:42Z",
            "description": "",
            "force_detach_policies": false,
            "id": "vat_validate_bzst",
            "inline_policy": [],
            "managed_policy_arns": [
              "arn:aws:iam::547989225539:policy/service-role/ew_policy-vat-validate-bzst"
            ],
            "max_session_duration": 3600,
            "name": "vat_validate_bzst",
            "name_prefix": "",
            "path": "/",
            "permissions_boundary": "",
            "tags": {},
            "tags_all": {
              "Project": "VAT-Service",
              "terraform": "yes"
            },
            "unique_id": "AROAX7FVUABB2PVE4YCGN"
          },
          "sensitive_attributes": [],
          "private": "bnVsbA==",
          "dependencies": [
            "data.aws_iam_policy_document.assume_role"
          ]
        }
      ]
    },
    {
      "mode": "managed",
      "type": "aws_iam_role",
      "name": "hrmc",
      "provider": "provider[\"registry.terraform.io/hashicorp/aws\"]",
      "instances": [
        {
          "schema_version": 0,
          "attributes": {
            "arn": "arn:aws:iam::547989225539:role/vat_validate_hrmc",
            "assume_role_policy": "{\"Statement\":[{\"Action\":\"sts:AssumeRole\",\"Effect\":\"Allow\",\"Principal\":{\"Service\":\"lambda.amazonaws.com\"}}],\"Version\":\"2012-10-17\"}",
            "create_date": "2024-02-05T21:02:42Z",
            "description": "",
            "force_detach_policies": false,
            "id": "vat_validate_hrmc",
            "inline_policy": [],
            "managed_policy_arns": [
              "arn:aws:iam::547989225539:policy/service-role/ew_policy-vat-validate-hrmc"
            ],
            "max_session_duration": 3600,
            "name": "vat_validate_hrmc",
            "name_prefix": "",
            "path": "/",
            "permissions_boundary": "",
            "tags": {},
            "tags_all": {
              "Project": "VAT-Service",
              "terraform": "yes"
            },
            "unique_id": "AROAX7FVUABBZP3JENHGQ"
          },
          "sensitive_attributes": [],
          "private": "bnVsbA==",
          "dependencies": [
            "data.aws_iam_policy_document.assume_role"
          ]
        }
      ]
    },
    {
      "mode": "managed",
      "type": "aws_iam_role",
      "name": "vat_validate",
      "provider": "provider[\"registry.terraform.io/hashicorp/aws\"]",
      "instances": [
        {
          "schema_version": 0,
          "attributes": {
            "arn": "arn:aws:iam::547989225539:role/vat_validate",
            "assume_role_policy": "{\"Statement\":[{\"Action\":\"sts:AssumeRole\",\"Effect\":\"Allow\",\"Principal\":{\"Service\":\"lambda.amazonaws.com\"}}],\"Version\":\"2012-10-17\"}",
            "create_date": "2024-02-05T20:21:29Z",
            "description": "",
            "force_detach_policies": false,
            "id": "vat_validate",
            "inline_policy": [],
            "managed_policy_arns": [
              "arn:aws:iam::547989225539:policy/service-role/ew_policy-vat-validate"
            ],
            "max_session_duration": 3600,
            "name": "vat_validate",
            "name_prefix": "",
            "path": "/",
            "permissions_boundary": "",
            "tags": {},
            "tags_all": {
              "Project": "VAT-Service",
              "terraform": "yes"
            },
            "unique_id": "AROAX7FVUABBURLPRBKJY"
          },
          "sensitive_attributes": [],
          "private": "bnVsbA==",
          "dependencies": [
            "data.aws_iam_policy_document.assume_role"
          ],
          "create_before_destroy": true
        }
      ]
    },
    {
      "mode": "managed",
      "type": "aws_iam_role",
      "name": "vies",
      "provider": "provider[\"registry.terraform.io/hashicorp/aws\"]",
      "instances": [
        {
          "schema_version": 0,
          "attributes": {
            "arn": "arn:aws:iam::547989225539:role/vat_validate_vies",
            "assume_role_policy": "{\"Statement\":[{\"Action\":\"sts:AssumeRole\",\"Effect\":\"Allow\",\"Principal\":{\"Service\":\"lambda.amazonaws.com\"}}],\"Version\":\"2012-10-17\"}",
            "create_date": "2024-02-05T21:02:42Z",
            "description": "",
            "force_detach_policies": false,
            "id": "vat_validate_vies",
            "inline_policy": [],
            "managed_policy_arns": [
              "arn:aws:iam::547989225539:policy/service-role/ew_policy-vat-validate-vies"
            ],
            "max_session_duration": 3600,
            "name": "vat_validate_vies",
            "name_prefix": "",
            "path": "/",
            "permissions_boundary": "",
            "tags": {},
            "tags_all": {
              "Project": "VAT-Service",
              "terraform": "yes"
            },
            "unique_id": "AROAX7FVUABB3AHA6N5GH"
          },
          "sensitive_attributes": [],
          "private": "bnVsbA==",
          "dependencies": [
            "data.aws_iam_policy_document.assume_role"
          ]
        }
      ]
    },
    {
      "mode": "managed",
      "type": "aws_iam_role_policy_attachment",
      "name": "bzst",
      "provider": "provider[\"registry.terraform.io/hashicorp/aws\"]",
      "instances": [
        {
          "schema_version": 0,
          "attributes": {
            "id": "vat_validate_bzst-20240205210428131200000003",
            "policy_arn": "arn:aws:iam::547989225539:policy/service-role/ew_policy-vat-validate-bzst",
            "role": "vat_validate_bzst"
          },
          "sensitive_attributes": [],
          "private": "bnVsbA==",
          "dependencies": [
            "aws_cloudwatch_log_group.validate-bzst",
            "aws_dynamodb_table.ew_validation_service",
            "aws_iam_policy.bzst",
            "aws_iam_role.bzst",
            "aws_lambda_function.bzst",
            "data.archive_file.bzst",
            "data.aws_iam_policy_document.assume_role"
          ]
        }
      ]
    },
    {
      "mode": "managed",
      "type": "aws_iam_role_policy_attachment",
      "name": "hrmc",
      "provider": "provider[\"registry.terraform.io/hashicorp/aws\"]",
      "instances": [
        {
          "schema_version": 0,
          "attributes": {
            "id": "vat_validate_hrmc-20240205210422517100000002",
            "policy_arn": "arn:aws:iam::547989225539:policy/service-role/ew_policy-vat-validate-hrmc",
            "role": "vat_validate_hrmc"
          },
          "sensitive_attributes": [],
          "private": "bnVsbA==",
          "dependencies": [
            "aws_cloudwatch_log_group.validate-hrmc",
            "aws_dynamodb_table.ew_validation_service",
            "aws_iam_policy.hrmc",
            "aws_iam_role.hrmc",
            "aws_lambda_function.hrmc",
            "data.archive_file.hrmc",
            "data.aws_iam_policy_document.assume_role"
          ]
        }
      ]
    },
    {
      "mode": "managed",
      "type": "aws_iam_role_policy_attachment",
      "name": "role_policy_ew_idvalidation_licenceinfo",
      "provider": "provider[\"registry.terraform.io/hashicorp/aws\"]",
      "instances": [
        {
          "schema_version": 0,
          "attributes": {
            "id": "vat_validate-20240205202250059000000001",
            "policy_arn": "arn:aws:iam::547989225539:policy/service-role/ew_policy-vat-validate",
            "role": "vat_validate"
          },
          "sensitive_attributes": [],
          "private": "bnVsbA==",
          "dependencies": [
            "aws_cloudwatch_log_group.validate",
            "aws_iam_policy.iam_policy_vat_service",
            "aws_iam_role.vat_validate",
            "aws_lambda_function.lambda_validate",
            "aws_sfn_state_machine.validation",
            "data.archive_file.lambda_validate",
            "data.aws_iam_policy_document.assume_role"
          ]
        }
      ]
    },
    {
      "mode": "managed",
      "type": "aws_iam_role_policy_attachment",
      "name": "vies",
      "provider": "provider[\"registry.terraform.io/hashicorp/aws\"]",
      "instances": [
        {
          "schema_version": 0,
          "attributes": {
            "id": "vat_validate_vies-20240205210416909400000001",
            "policy_arn": "arn:aws:iam::547989225539:policy/service-role/ew_policy-vat-validate-vies",
            "role": "vat_validate_vies"
          },
          "sensitive_attributes": [],
          "private": "bnVsbA==",
          "dependencies": [
            "aws_cloudwatch_log_group.validate-vies",
            "aws_dynamodb_table.ew_validation_service",
            "aws_iam_policy.vies",
            "aws_iam_role.vies",
            "aws_lambda_function.vies",
            "data.archive_file.vies",
            "data.aws_iam_policy_document.assume_role"
          ]
        }
      ]
    },
    {
      "mode": "managed",
      "type": "aws_lambda_function",
      "name": "bzst",
      "provider": "provider[\"registry.terraform.io/hashicorp/aws\"]",
      "instances": [
        {
          "schema_version": 0,
          "attributes": {
            "architectures": [
              "x86_64"
            ],
            "arn": "arn:aws:lambda:eu-central-1:547989225539:function:vat-validate-bzst",
            "code_signing_config_arn": "",
            "dead_letter_config": [],
            "description": "",
            "environment": [
              {
                "variables": {
                  "DYNAMODB": "ew_validation_service"
                }
              }
            ],
            "ephemeral_storage": [
              {
                "size": 512
              }
            ],
            "file_system_config": [],
            "filename": "lambda/bzst/lambda_function.zip",
            "function_name": "vat-validate-bzst",
            "handler": "lambda_function.lambda_handler",
            "id": "vat-validate-bzst",
            "image_config": [],
            "image_uri": "",
            "invoke_arn": "arn:aws:apigateway:eu-central-1:lambda:path/2015-03-31/functions/arn:aws:lambda:eu-central-1:547989225539:function:vat-validate-bzst/invocations",
            "kms_key_arn": "",
            "last_modified": "2024-02-06T20:51:45.000+0000",
            "layers": [],
            "logging_config": [
              {
                "application_log_level": "",
                "log_format": "Text",
                "log_group": "/aws/lambda/vat-validate-bzst",
                "system_log_level": ""
              }
            ],
            "memory_size": 128,
            "package_type": "Zip",
            "publish": false,
            "qualified_arn": "arn:aws:lambda:eu-central-1:547989225539:function:vat-validate-bzst:$LATEST",
            "qualified_invoke_arn": "arn:aws:apigateway:eu-central-1:lambda:path/2015-03-31/functions/arn:aws:lambda:eu-central-1:547989225539:function:vat-validate-bzst:$LATEST/invocations",
            "replace_security_groups_on_destroy": null,
            "replacement_security_group_ids": null,
            "reserved_concurrent_executions": -1,
            "role": "arn:aws:iam::547989225539:role/vat_validate_bzst",
            "runtime": "python3.12",
            "s3_bucket": null,
            "s3_key": null,
            "s3_object_version": null,
            "signing_job_arn": "",
            "signing_profile_version_arn": "",
            "skip_destroy": false,
            "snap_start": [],
            "source_code_hash": "9O5b+87UkpL+HsNd47JBKoSja4x+yj0WpMw7hjNTUK8=",
            "source_code_size": 664,
            "tags": {},
            "tags_all": {
              "Project": "VAT-Service",
              "terraform": "yes"
            },
            "timeout": 10,
            "timeouts": null,
            "tracing_config": [
              {
                "mode": "PassThrough"
              }
            ],
            "version": "$LATEST",
            "vpc_config": []
          },
          "sensitive_attributes": [],
          "private": "eyJlMmJmYjczMC1lY2FhLTExZTYtOGY4OC0zNDM2M2JjN2M0YzAiOnsiY3JlYXRlIjo2MDAwMDAwMDAwMDAsImRlbGV0ZSI6NjAwMDAwMDAwMDAwLCJ1cGRhdGUiOjYwMDAwMDAwMDAwMH19",
          "dependencies": [
            "aws_dynamodb_table.ew_validation_service",
            "aws_iam_role.bzst",
            "data.archive_file.bzst"
          ]
        }
      ]
    },
    {
      "mode": "managed",
      "type": "aws_lambda_function",
      "name": "hrmc",
      "provider": "provider[\"registry.terraform.io/hashicorp/aws\"]",
      "instances": [
        {
          "schema_version": 0,
          "attributes": {
            "architectures": [
              "x86_64"
            ],
            "arn": "arn:aws:lambda:eu-central-1:547989225539:function:vat-validate-hrmc",
            "code_signing_config_arn": "",
            "dead_letter_config": [],
            "description": "",
            "environment": [
              {
                "variables": {
                  "DYNAMODB": "ew_validation_service"
                }
              }
            ],
            "ephemeral_storage": [
              {
                "size": 512
              }
            ],
            "file_system_config": [],
            "filename": "lambda/hrmc/lambda_function.zip",
            "function_name": "vat-validate-hrmc",
            "handler": "lambda_function.lambda_handler",
            "id": "vat-validate-hrmc",
            "image_config": [],
            "image_uri": "",
            "invoke_arn": "arn:aws:apigateway:eu-central-1:lambda:path/2015-03-31/functions/arn:aws:lambda:eu-central-1:547989225539:function:vat-validate-hrmc/invocations",
            "kms_key_arn": "",
            "last_modified": "2024-02-06T20:51:45.000+0000",
            "layers": [],
            "logging_config": [
              {
                "application_log_level": "",
                "log_format": "Text",
                "log_group": "/aws/lambda/vat-validate-hrmc",
                "system_log_level": ""
              }
            ],
            "memory_size": 128,
            "package_type": "Zip",
            "publish": false,
            "qualified_arn": "arn:aws:lambda:eu-central-1:547989225539:function:vat-validate-hrmc:$LATEST",
            "qualified_invoke_arn": "arn:aws:apigateway:eu-central-1:lambda:path/2015-03-31/functions/arn:aws:lambda:eu-central-1:547989225539:function:vat-validate-hrmc:$LATEST/invocations",
            "replace_security_groups_on_destroy": null,
            "replacement_security_group_ids": null,
            "reserved_concurrent_executions": -1,
            "role": "arn:aws:iam::547989225539:role/vat_validate_hrmc",
            "runtime": "python3.12",
            "s3_bucket": null,
            "s3_key": null,
            "s3_object_version": null,
            "signing_job_arn": "",
            "signing_profile_version_arn": "",
            "skip_destroy": false,
            "snap_start": [],
            "source_code_hash": "YGBzl/ywHAslSGLDgddX59BkPtpynq9L3mcx19dfbGk=",
            "source_code_size": 663,
            "tags": {},
            "tags_all": {
              "Project": "VAT-Service",
              "terraform": "yes"
            },
            "timeout": 10,
            "timeouts": null,
            "tracing_config": [
              {
                "mode": "PassThrough"
              }
            ],
            "version": "$LATEST",
            "vpc_config": []
          },
          "sensitive_attributes": [],
          "private": "eyJlMmJmYjczMC1lY2FhLTExZTYtOGY4OC0zNDM2M2JjN2M0YzAiOnsiY3JlYXRlIjo2MDAwMDAwMDAwMDAsImRlbGV0ZSI6NjAwMDAwMDAwMDAwLCJ1cGRhdGUiOjYwMDAwMDAwMDAwMH19",
          "dependencies": [
            "aws_dynamodb_table.ew_validation_service",
            "aws_iam_role.hrmc",
            "data.archive_file.hrmc"
          ]
        }
      ]
    },
    {
      "mode": "managed",
      "type": "aws_lambda_function",
      "name": "lambda_validate",
      "provider": "provider[\"registry.terraform.io/hashicorp/aws\"]",
      "instances": [
        {
          "schema_version": 0,
          "attributes": {
            "architectures": [
              "x86_64"
            ],
            "arn": "arn:aws:lambda:eu-central-1:547989225539:function:vat-validate",
            "code_signing_config_arn": "",
            "dead_letter_config": [],
            "description": "",
            "environment": [
              {
                "variables": {
                  "STEPFUNCTION": "arn:aws:states:eu-central-1:547989225539:stateMachine:MyStateMachine-r4vhmkgsv"
                }
              }
            ],
            "ephemeral_storage": [
              {
                "size": 512
              }
            ],
            "file_system_config": [],
            "filename": "lambda/validate/lambda_function.zip",
            "function_name": "vat-validate",
            "handler": "lambda_function.lambda_handler",
            "id": "vat-validate",
            "image_config": [],
            "image_uri": "",
            "invoke_arn": "arn:aws:apigateway:eu-central-1:lambda:path/2015-03-31/functions/arn:aws:lambda:eu-central-1:547989225539:function:vat-validate/invocations",
            "kms_key_arn": "",
            "last_modified": "2024-02-06T20:51:50.000+0000",
            "layers": [],
            "logging_config": [
              {
                "application_log_level": "",
                "log_format": "Text",
                "log_group": "/aws/lambda/vat-validate",
                "system_log_level": ""
              }
            ],
            "memory_size": 128,
            "package_type": "Zip",
            "publish": false,
            "qualified_arn": "arn:aws:lambda:eu-central-1:547989225539:function:vat-validate:$LATEST",
            "qualified_invoke_arn": "arn:aws:apigateway:eu-central-1:lambda:path/2015-03-31/functions/arn:aws:lambda:eu-central-1:547989225539:function:vat-validate:$LATEST/invocations",
            "replace_security_groups_on_destroy": null,
            "replacement_security_group_ids": null,
            "reserved_concurrent_executions": -1,
            "role": "arn:aws:iam::547989225539:role/vat_validate",
            "runtime": "python3.12",
            "s3_bucket": null,
            "s3_key": null,
            "s3_object_version": null,
            "signing_job_arn": "",
            "signing_profile_version_arn": "",
            "skip_destroy": false,
            "snap_start": [],
            "source_code_hash": "dZR6KcrnQdkJau47eJDrQ7E/iPj2Jt+bADSGNVhP6Jk=",
            "source_code_size": 743,
            "tags": {},
            "tags_all": {
              "Project": "VAT-Service",
              "terraform": "yes"
            },
            "timeout": 10,
            "timeouts": null,
            "tracing_config": [
              {
                "mode": "PassThrough"
              }
            ],
            "version": "$LATEST",
            "vpc_config": []
          },
          "sensitive_attributes": [],
          "private": "eyJlMmJmYjczMC1lY2FhLTExZTYtOGY4OC0zNDM2M2JjN2M0YzAiOnsiY3JlYXRlIjo2MDAwMDAwMDAwMDAsImRlbGV0ZSI6NjAwMDAwMDAwMDAwLCJ1cGRhdGUiOjYwMDAwMDAwMDAwMH19",
          "dependencies": [
            "aws_iam_role.vat_validate",
            "aws_sfn_state_machine.validation",
            "data.archive_file.lambda_validate"
          ]
        }
      ]
    },
    {
      "mode": "managed",
      "type": "aws_lambda_function",
      "name": "vies",
      "provider": "provider[\"registry.terraform.io/hashicorp/aws\"]",
      "instances": [
        {
          "schema_version": 0,
          "attributes": {
            "architectures": [
              "x86_64"
            ],
            "arn": "arn:aws:lambda:eu-central-1:547989225539:function:vat-validate-vies",
            "code_signing_config_arn": "",
            "dead_letter_config": [],
            "description": "",
            "environment": [
              {
                "variables": {
                  "DYNAMODB": "ew_validation_service"
                }
              }
            ],
            "ephemeral_storage": [
              {
                "size": 512
              }
            ],
            "file_system_config": [],
            "filename": "lambda/vies/lambda_function.zip",
            "function_name": "vat-validate-vies",
            "handler": "lambda_function.lambda_handler",
            "id": "vat-validate-vies",
            "image_config": [],
            "image_uri": "",
            "invoke_arn": "arn:aws:apigateway:eu-central-1:lambda:path/2015-03-31/functions/arn:aws:lambda:eu-central-1:547989225539:function:vat-validate-vies/invocations",
            "kms_key_arn": "",
            "last_modified": "2024-02-06T20:51:45.000+0000",
            "layers": [],
            "logging_config": [
              {
                "application_log_level": "",
                "log_format": "Text",
                "log_group": "/aws/lambda/vat-validate-vies",
                "system_log_level": ""
              }
            ],
            "memory_size": 128,
            "package_type": "Zip",
            "publish": false,
            "qualified_arn": "arn:aws:lambda:eu-central-1:547989225539:function:vat-validate-vies:$LATEST",
            "qualified_invoke_arn": "arn:aws:apigateway:eu-central-1:lambda:path/2015-03-31/functions/arn:aws:lambda:eu-central-1:547989225539:function:vat-validate-vies:$LATEST/invocations",
            "replace_security_groups_on_destroy": null,
            "replacement_security_group_ids": null,
            "reserved_concurrent_executions": -1,
            "role": "arn:aws:iam::547989225539:role/vat_validate_vies",
            "runtime": "python3.12",
            "s3_bucket": null,
            "s3_key": null,
            "s3_object_version": null,
            "signing_job_arn": "",
            "signing_profile_version_arn": "",
            "skip_destroy": false,
            "snap_start": [],
            "source_code_hash": "q+cKa/YHvs1vAaHAR+j5jwE2RxAjhfcP5PCZt+trH9w=",
            "source_code_size": 663,
            "tags": {},
            "tags_all": {
              "Project": "VAT-Service",
              "terraform": "yes"
            },
            "timeout": 10,
            "timeouts": null,
            "tracing_config": [
              {
                "mode": "PassThrough"
              }
            ],
            "version": "$LATEST",
            "vpc_config": []
          },
          "sensitive_attributes": [],
          "private": "eyJlMmJmYjczMC1lY2FhLTExZTYtOGY4OC0zNDM2M2JjN2M0YzAiOnsiY3JlYXRlIjo2MDAwMDAwMDAwMDAsImRlbGV0ZSI6NjAwMDAwMDAwMDAwLCJ1cGRhdGUiOjYwMDAwMDAwMDAwMH19",
          "dependencies": [
            "aws_dynamodb_table.ew_validation_service",
            "aws_iam_role.vies",
            "data.archive_file.vies"
          ]
        }
      ]
    },
    {
      "mode": "managed",
      "type": "aws_lambda_permission",
      "name": "bzst",
      "provider": "provider[\"registry.terraform.io/hashicorp/aws\"]",
      "instances": [
        {
          "schema_version": 0,
          "attributes": {
            "action": "lambda:InvokeFunction",
            "event_source_token": null,
            "function_name": "vat-validate-bzst",
            "function_url_auth_type": null,
            "id": "AllowEWAPIInvoke",
            "principal": "apigateway.amazonaws.com",
            "principal_org_id": null,
            "qualifier": "",
            "source_account": null,
            "source_arn": "arn:aws:execute-api:eu-central-1:547989225539:x7dkfhk6wb/*",
            "statement_id": "AllowEWAPIInvoke",
            "statement_id_prefix": ""
          },
          "sensitive_attributes": [],
          "private": "bnVsbA==",
          "dependencies": [
            "aws_api_gateway_rest_api.vat_service",
            "aws_dynamodb_table.ew_validation_service",
            "aws_iam_role.bzst",
            "aws_lambda_function.bzst",
            "data.archive_file.bzst",
            "data.aws_iam_policy_document.assume_role"
          ]
        }
      ]
    },
    {
      "mode": "managed",
      "type": "aws_lambda_permission",
      "name": "hrmc",
      "provider": "provider[\"registry.terraform.io/hashicorp/aws\"]",
      "instances": [
        {
          "schema_version": 0,
          "attributes": {
            "action": "lambda:InvokeFunction",
            "event_source_token": null,
            "function_name": "vat-validate-hrmc",
            "function_url_auth_type": null,
            "id": "AllowEWAPIInvoke",
            "principal": "apigateway.amazonaws.com",
            "principal_org_id": null,
            "qualifier": "",
            "source_account": null,
            "source_arn": "arn:aws:execute-api:eu-central-1:547989225539:x7dkfhk6wb/*",
            "statement_id": "AllowEWAPIInvoke",
            "statement_id_prefix": ""
          },
          "sensitive_attributes": [],
          "private": "bnVsbA==",
          "dependencies": [
            "aws_api_gateway_rest_api.vat_service",
            "aws_dynamodb_table.ew_validation_service",
            "aws_iam_role.hrmc",
            "aws_lambda_function.hrmc",
            "data.archive_file.hrmc",
            "data.aws_iam_policy_document.assume_role"
          ]
        }
      ]
    },
    {
      "mode": "managed",
      "type": "aws_lambda_permission",
      "name": "lambda_vat_service",
      "provider": "provider[\"registry.terraform.io/hashicorp/aws\"]",
      "instances": [
        {
          "schema_version": 0,
          "attributes": {
            "action": "lambda:InvokeFunction",
            "event_source_token": null,
            "function_name": "vat-validate",
            "function_url_auth_type": null,
            "id": "AllowEWAPIInvoke",
            "principal": "apigateway.amazonaws.com",
            "principal_org_id": null,
            "qualifier": "",
            "source_account": null,
            "source_arn": "arn:aws:execute-api:eu-central-1:547989225539:x7dkfhk6wb/*",
            "statement_id": "AllowEWAPIInvoke",
            "statement_id_prefix": ""
          },
          "sensitive_attributes": [],
          "private": "bnVsbA==",
          "dependencies": [
            "aws_api_gateway_rest_api.vat_service",
            "aws_iam_role.vat_validate",
            "aws_lambda_function.lambda_validate",
            "aws_sfn_state_machine.validation",
            "data.archive_file.lambda_validate",
            "data.aws_iam_policy_document.assume_role"
          ]
        }
      ]
    },
    {
      "mode": "managed",
      "type": "aws_lambda_permission",
      "name": "vies",
      "provider": "provider[\"registry.terraform.io/hashicorp/aws\"]",
      "instances": [
        {
          "schema_version": 0,
          "attributes": {
            "action": "lambda:InvokeFunction",
            "event_source_token": null,
            "function_name": "vat-validate-vies",
            "function_url_auth_type": null,
            "id": "AllowEWAPIInvoke",
            "principal": "apigateway.amazonaws.com",
            "principal_org_id": null,
            "qualifier": "",
            "source_account": null,
            "source_arn": "arn:aws:execute-api:eu-central-1:547989225539:x7dkfhk6wb/*",
            "statement_id": "AllowEWAPIInvoke",
            "statement_id_prefix": ""
          },
          "sensitive_attributes": [],
          "private": "bnVsbA==",
          "dependencies": [
            "aws_api_gateway_rest_api.vat_service",
            "aws_dynamodb_table.ew_validation_service",
            "aws_iam_role.vies",
            "aws_lambda_function.vies",
            "data.archive_file.vies",
            "data.aws_iam_policy_document.assume_role"
          ]
        }
      ]
    },
    {
      "mode": "managed",
      "type": "aws_route53_record",
      "name": "vat_erpware_co",
      "provider": "provider[\"registry.terraform.io/hashicorp/aws\"]",
      "instances": [
        {
          "schema_version": 2,
          "attributes": {
            "alias": [
              {
                "evaluate_target_health": true,
                "name": "d-c2dxn2gcb2.execute-api.eu-central-1.amazonaws.com",
                "zone_id": "Z1U9ULNL0V5AJ3"
              }
            ],
            "allow_overwrite": null,
            "cidr_routing_policy": [],
            "failover_routing_policy": [],
            "fqdn": "vat.erpware.co",
            "geolocation_routing_policy": [],
            "health_check_id": "",
            "id": "Z048046123LPTCQH2N1X_vat.erpware.co_A",
            "latency_routing_policy": [],
            "multivalue_answer_routing_policy": false,
            "name": "vat.erpware.co",
            "records": [],
            "set_identifier": "",
            "ttl": 0,
            "type": "A",
            "weighted_routing_policy": [],
            "zone_id": "Z048046123LPTCQH2N1X"
          },
          "sensitive_attributes": [],
          "private": "eyJzY2hlbWFfdmVyc2lvbiI6IjIifQ==",
          "dependencies": [
            "aws_acm_certificate.vat_erpware_co",
            "aws_acm_certificate_validation.vat_erpware_co",
            "aws_api_gateway_domain_name.vat_erpware_co",
            "aws_route53_record.vat_erpware_co_acm",
            "data.aws_route53_zone.erpware_co"
          ]
        }
      ]
    },
    {
      "mode": "managed",
      "type": "aws_route53_record",
      "name": "vat_erpware_co_acm",
      "provider": "provider[\"registry.terraform.io/hashicorp/aws\"]",
      "instances": [
        {
          "index_key": "vat.erpware.co",
          "schema_version": 2,
          "attributes": {
            "alias": [],
            "allow_overwrite": true,
            "cidr_routing_policy": [],
            "failover_routing_policy": [],
            "fqdn": "_2abf8dbdde292f3f26b8d037d2192658.vat.erpware.co",
            "geolocation_routing_policy": [],
            "health_check_id": "",
            "id": "Z048046123LPTCQH2N1X__2abf8dbdde292f3f26b8d037d2192658.vat.erpware.co._CNAME",
            "latency_routing_policy": [],
            "multivalue_answer_routing_policy": false,
            "name": "_2abf8dbdde292f3f26b8d037d2192658.vat.erpware.co",
            "records": [
              "_a1586f13c64b9beba2f8952087ccdc53.mhbtsbpdnt.acm-validations.aws."
            ],
            "set_identifier": "",
            "ttl": 60,
            "type": "CNAME",
            "weighted_routing_policy": [],
            "zone_id": "Z048046123LPTCQH2N1X"
          },
          "sensitive_attributes": [],
          "private": "eyJzY2hlbWFfdmVyc2lvbiI6IjIifQ==",
          "dependencies": [
            "aws_acm_certificate.vat_erpware_co",
            "data.aws_route53_zone.erpware_co"
          ]
        }
      ]
    },
    {
      "mode": "managed",
      "type": "aws_sfn_state_machine",
      "name": "validation",
      "provider": "provider[\"registry.terraform.io/hashicorp/aws\"]",
      "instances": [
        {
          "schema_version": 0,
          "attributes": {
            "arn": "arn:aws:states:eu-central-1:547989225539:stateMachine:MyStateMachine-r4vhmkgsv",
            "creation_date": "2024-02-05T21:23:59Z",
            "definition": "{\"Comment\":\"A description of my state machine\",\"StartAt\":\"Is_GB\",\"States\":{\"HRMC\":{\"End\":true,\"OutputPath\":\"$.Payload\",\"Parameters\":{\"FunctionName\":\"arn:aws:lambda:eu-central-1:547989225539:function:vat-validate-hrmc:$LATEST\",\"Payload.$\":\"$\"},\"Resource\":\"arn:aws:states:::lambda:invoke\",\"Retry\":[{\"BackoffRate\":2,\"ErrorEquals\":[\"Lambda.ServiceException\",\"Lambda.AWSLambdaException\",\"Lambda.SdkClientException\",\"Lambda.TooManyRequestsException\"],\"IntervalSeconds\":1,\"MaxAttempts\":3}],\"Type\":\"Task\"},\"Is_GB\":{\"Choices\":[{\"Next\":\"HRMC\",\"StringMatches\":\"GB*\",\"Variable\":\"$.vat\"}],\"Default\":\"Parallel\",\"Type\":\"Choice\"},\"Parallel\":{\"Branches\":[{\"StartAt\":\"VIES\",\"States\":{\"VIES\":{\"End\":true,\"OutputPath\":\"$.Payload\",\"Parameters\":{\"FunctionName\":\"arn:aws:lambda:eu-central-1:547989225539:function:vat-validate-vies:$LATEST\",\"Payload.$\":\"$\"},\"Resource\":\"arn:aws:states:::lambda:invoke\",\"Retry\":[{\"BackoffRate\":2,\"ErrorEquals\":[\"Lambda.ServiceException\",\"Lambda.AWSLambdaException\",\"Lambda.SdkClientException\",\"Lambda.TooManyRequestsException\"],\"IntervalSeconds\":1,\"MaxAttempts\":3}],\"Type\":\"Task\"}}},{\"StartAt\":\"BZST\",\"States\":{\"BZST\":{\"End\":true,\"OutputPath\":\"$.Payload\",\"Parameters\":{\"FunctionName\":\"arn:aws:lambda:eu-central-1:547989225539:function:vat-validate-bzst:$LATEST\",\"Payload.$\":\"$\"},\"Resource\":\"arn:aws:states:::lambda:invoke\",\"Retry\":[{\"BackoffRate\":2,\"ErrorEquals\":[\"Lambda.ServiceException\",\"Lambda.AWSLambdaException\",\"Lambda.SdkClientException\",\"Lambda.TooManyRequestsException\"],\"IntervalSeconds\":1,\"MaxAttempts\":3}],\"Type\":\"Task\"}}}],\"End\":true,\"Type\":\"Parallel\"}}}",
            "description": "",
            "id": "arn:aws:states:eu-central-1:547989225539:stateMachine:MyStateMachine-r4vhmkgsv",
            "logging_configuration": [
              {
                "include_execution_data": false,
                "level": "OFF",
                "log_destination": ""
              }
            ],
            "name": "MyStateMachine-r4vhmkgsv",
            "name_prefix": "",
            "publish": false,
            "revision_id": "aa9b4f55-3bff-4c11-8ba2-33838b7501a7",
            "role_arn": "arn:aws:iam::547989225539:role/service-role/StepFunctions-MyStateMachine-r4vhmkgsv-role-kqp3ntjb5",
            "state_machine_version_arn": "",
            "status": "ACTIVE",
            "tags": {},
            "tags_all": {
              "Project": "VAT-Service",
              "terraform": "yes"
            },
            "timeouts": null,
            "tracing_configuration": [
              {
                "enabled": false
              }
            ],
            "type": "STANDARD",
            "version_description": null
          },
          "sensitive_attributes": [],
          "private": "eyJlMmJmYjczMC1lY2FhLTExZTYtOGY4OC0zNDM2M2JjN2M0YzAiOnsiY3JlYXRlIjozMDAwMDAwMDAwMDAsImRlbGV0ZSI6MzAwMDAwMDAwMDAwLCJ1cGRhdGUiOjYwMDAwMDAwMDAwfX0=",
          "create_before_destroy": true
        }
      ]
    }
  ]
}
