{
  "version": 4,
  "terraform_version": "1.7.3",
  "serial": 499,
  "lineage": "9b013d1c-dc4c-4818-7b9f-13222362336e",
  "outputs": {},
  "resources": [
    {
      "mode": "data",
      "type": "archive_file",
      "name": "bzst",
      "provider": "provider[\"registry.terraform.io/hashicorp/archive\"]",
      "instances": [
        {
          "schema_version": 0,
          "attributes": {
            "exclude_symlink_directories": null,
            "excludes": null,
            "id": "fa2137e0e1b2b0ac395c0ec319fddd4f17c7caef",
            "output_base64sha256": "2ggUkCtGrWV7m+YivM7VRqsgDrvfwrx4DyKMg7x8zus=",
            "output_base64sha512": "NOMg3HQpBixjPm6utZ2e4vAm+qr3Nboup//VOl7DU2fpwwCAOZnyBsYwXyHSXMEKvrzAVinGoAI7B52wVa6Xhw==",
            "output_file_mode": null,
            "output_md5": "5f3f8778a9d60a626531309530f08855",
            "output_path": "lambda/bzst/lambda_function.zip",
            "output_sha": "fa2137e0e1b2b0ac395c0ec319fddd4f17c7caef",
            "output_sha256": "da0814902b46ad657b9be622bcced546ab200ebbdfc2bc780f228c83bc7cceeb",
            "output_sha512": "34e320dc7429062c633e6eaeb59d9ee2f026faaaf735ba2ea7ffd53a5ec35367e9c300803999f206c6305f21d25cc10abebcc05629c6a0023b079db055ae9787",
            "output_size": 1587,
            "source": [],
            "source_content": null,
            "source_content_filename": null,
            "source_dir": null,
            "source_file": "lambda/bzst/lambda_function.py",
            "type": "zip"
          },
          "sensitive_attributes": []
        }
      ]
    },
    {
      "mode": "data",
      "type": "archive_file",
      "name": "hmrc",
      "provider": "provider[\"registry.terraform.io/hashicorp/archive\"]",
      "instances": [
        {
          "schema_version": 0,
          "attributes": {
            "exclude_symlink_directories": null,
            "excludes": null,
            "id": "e38e4b9dd723f760de7d01719112c0d672202998",
            "output_base64sha256": "vn88SGN0Y8T4+yWjgfqQj+wBoTLwOWbUIhmLZq4I9YQ=",
            "output_base64sha512": "AstZs18ftg8zITNdnTi981GXkhMF0fGxL3rs6IK3xNkIFkRhgqpgfTcOIXN1VevoQ3yW95mk1T9FqX2z65+jxQ==",
            "output_file_mode": null,
            "output_md5": "e183ad9bbd5fe9c1b3da77c0eac15610",
            "output_path": "lambda/hmrc/lambda_function.zip",
            "output_sha": "e38e4b9dd723f760de7d01719112c0d672202998",
            "output_sha256": "be7f3c48637463c4f8fb25a381fa908fec01a132f03966d422198b66ae08f584",
            "output_sha512": "02cb59b35f1fb60f3321335d9d38bdf35197921305d1f1b12f7aece882b7c4d90816446182aa607d370e21737555ebe8437c96f799a4d53f45a97db3eb9fa3c5",
            "output_size": 1429,
            "source": [],
            "source_content": null,
            "source_content_filename": null,
            "source_dir": null,
            "source_file": "lambda/hmrc/lambda_function.py",
            "type": "zip"
          },
          "sensitive_attributes": []
        }
      ]
    },
    {
      "mode": "data",
      "type": "archive_file",
      "name": "lambda_validate",
      "provider": "provider[\"registry.terraform.io/hashicorp/archive\"]",
      "instances": [
        {
          "schema_version": 0,
          "attributes": {
            "exclude_symlink_directories": null,
            "excludes": null,
            "id": "0188b35c959cc6cd822d6b4996251e892c01d575",
            "output_base64sha256": "YTjKhDmaSRLnrDoNCpbYJWLozwFvoUZV7QkC3+YBe0c=",
            "output_base64sha512": "qrKttTS1npJlP3imyvch9GB2W3spFI8Ubz0Z3jy/vwwBuPSU9q/DE7amhGo/0YmLW1bV4DcHp8iRL3BiVkQwVA==",
            "output_file_mode": null,
            "output_md5": "77cb46f55be1d74112169120d565ff90",
            "output_path": "lambda/validate/lambda_function.zip",
            "output_sha": "0188b35c959cc6cd822d6b4996251e892c01d575",
            "output_sha256": "6138ca84399a4912e7ac3a0d0a96d82562e8cf016fa14655ed0902dfe6017b47",
            "output_sha512": "aab2adb534b59e92653f78a6caf721f460765b7b29148f146f3d19de3cbfbf0c01b8f494f6afc313b6a6846a3fd1898b5b56d5e03707a7c8912f706256443054",
            "output_size": 1106,
            "source": [],
            "source_content": null,
            "source_content_filename": null,
            "source_dir": null,
            "source_file": "lambda/validate/lambda_function.py",
            "type": "zip"
          },
          "sensitive_attributes": []
        }
      ]
    },
    {
      "mode": "data",
      "type": "archive_file",
      "name": "vies",
      "provider": "provider[\"registry.terraform.io/hashicorp/archive\"]",
      "instances": [
        {
          "schema_version": 0,
          "attributes": {
            "exclude_symlink_directories": null,
            "excludes": null,
            "id": "5c03355616d84399f6842911f608167d86c56784",
            "output_base64sha256": "7xtZnFdkRqi+DbakhX+NKXEEAxLj8F7SNoxup8QeOVA=",
            "output_base64sha512": "qIls9q74a5YWIczsM4xm9Tx/x0A/DS9fzlZNqUPZ0cKPYN+jQbqu7FA4wUp5E6BKEqdowudthKCDiqkg/2x1oA==",
            "output_file_mode": null,
            "output_md5": "338ada23cef51175123b0677e087d03b",
            "output_path": "lambda/vies/lambda_function.zip",
            "output_sha": "5c03355616d84399f6842911f608167d86c56784",
            "output_sha256": "ef1b599c576446a8be0db6a4857f8d2971040312e3f05ed2368c6ea7c41e3950",
            "output_sha512": "a8896cf6aef86b961621ccec338c66f53c7fc7403f0d2f5fce564da943d9d1c28f60dfa341baaeec5038c14a7913a04a12a768c2e76d84a0838aa920ff6c75a0",
            "output_size": 1883,
            "source": [],
            "source_content": null,
            "source_content_filename": null,
            "source_dir": null,
            "source_file": "lambda/vies/lambda_function.py",
            "type": "zip"
          },
          "sensitive_attributes": []
        }
      ]
    },
    {
      "mode": "data",
      "type": "aws_caller_identity",
      "name": "current",
      "provider": "provider[\"registry.terraform.io/hashicorp/aws\"]",
      "instances": [
        {
          "schema_version": 0,
          "attributes": {
            "account_id": "547989225539",
            "arn": "arn:aws:iam::547989225539:user/dseichter",
            "id": "547989225539",
            "user_id": "AIDAX7FVUABBQGDSXWBSS"
          },
          "sensitive_attributes": []
        }
      ]
    },
    {
      "mode": "data",
      "type": "aws_iam_policy_document",
      "name": "assume_role_lambda",
      "provider": "provider[\"registry.terraform.io/hashicorp/aws\"]",
      "instances": [
        {
          "schema_version": 0,
          "attributes": {
            "id": "2690255455",
            "json": "{\n  \"Version\": \"2012-10-17\",\n  \"Statement\": [\n    {\n      \"Effect\": \"Allow\",\n      \"Action\": \"sts:AssumeRole\",\n      \"Principal\": {\n        \"Service\": \"lambda.amazonaws.com\"\n      }\n    }\n  ]\n}",
            "override_policy_documents": null,
            "policy_id": null,
            "source_policy_documents": null,
            "statement": [
              {
                "actions": [
                  "sts:AssumeRole"
                ],
                "condition": [],
                "effect": "Allow",
                "not_actions": [],
                "not_principals": [],
                "not_resources": [],
                "principals": [
                  {
                    "identifiers": [
                      "lambda.amazonaws.com"
                    ],
                    "type": "Service"
                  }
                ],
                "resources": [],
                "sid": ""
              }
            ],
            "version": "2012-10-17"
          },
          "sensitive_attributes": []
        }
      ]
    },
    {
      "mode": "data",
      "type": "aws_iam_policy_document",
      "name": "assume_role_states",
      "provider": "provider[\"registry.terraform.io/hashicorp/aws\"]",
      "instances": [
        {
          "schema_version": 0,
          "attributes": {
            "id": "4022981484",
            "json": "{\n  \"Version\": \"2012-10-17\",\n  \"Statement\": [\n    {\n      \"Effect\": \"Allow\",\n      \"Action\": \"sts:AssumeRole\",\n      \"Principal\": {\n        \"Service\": \"states.amazonaws.com\"\n      }\n    }\n  ]\n}",
            "override_policy_documents": null,
            "policy_id": null,
            "source_policy_documents": null,
            "statement": [
              {
                "actions": [
                  "sts:AssumeRole"
                ],
                "condition": [],
                "effect": "Allow",
                "not_actions": [],
                "not_principals": [],
                "not_resources": [],
                "principals": [
                  {
                    "identifiers": [
                      "states.amazonaws.com"
                    ],
                    "type": "Service"
                  }
                ],
                "resources": [],
                "sid": ""
              }
            ],
            "version": "2012-10-17"
          },
          "sensitive_attributes": []
        }
      ]
    },
    {
      "mode": "data",
      "type": "aws_route53_zone",
      "name": "erpware_co",
      "provider": "provider[\"registry.terraform.io/hashicorp/aws\"]",
      "instances": [
        {
          "schema_version": 0,
          "attributes": {
            "arn": "arn:aws:route53:::hostedzone/Z048046123LPTCQH2N1X",
            "caller_reference": "RISWorkflow-RD:e7fba1c8-65cd-494e-9653-1de3a46d9b38",
            "comment": "Managed by Terraform",
            "id": "Z048046123LPTCQH2N1X",
            "linked_service_description": null,
            "linked_service_principal": null,
            "name": "erpware.co",
            "name_servers": [
              "ns-479.awsdns-59.com",
              "ns-1071.awsdns-05.org",
              "ns-1794.awsdns-32.co.uk",
              "ns-797.awsdns-35.net"
            ],
            "primary_name_server": "ns-479.awsdns-59.com",
            "private_zone": false,
            "resource_record_set_count": 18,
            "tags": {
              "ew:terraform": "yes"
            },
            "vpc_id": null,
            "zone_id": "Z048046123LPTCQH2N1X"
          },
          "sensitive_attributes": []
        }
      ]
    },
    {
      "mode": "managed",
      "type": "aws_acm_certificate",
      "name": "vat_erpware_co",
      "provider": "provider[\"registry.terraform.io/hashicorp/aws\"]",
      "instances": [
        {
          "schema_version": 0,
          "attributes": {
            "arn": "arn:aws:acm:eu-central-1:547989225539:certificate/7b35ae5a-8826-49a8-b245-8a0f77736b2d",
            "certificate_authority_arn": "",
            "certificate_body": null,
            "certificate_chain": null,
            "domain_name": "vat.erpware.co",
            "domain_validation_options": [
              {
                "domain_name": "vat.erpware.co",
                "resource_record_name": "_2abf8dbdde292f3f26b8d037d2192658.vat.erpware.co.",
                "resource_record_type": "CNAME",
                "resource_record_value": "_a1586f13c64b9beba2f8952087ccdc53.mhbtsbpdnt.acm-validations.aws."
              }
            ],
            "early_renewal_duration": "",
            "id": "arn:aws:acm:eu-central-1:547989225539:certificate/7b35ae5a-8826-49a8-b245-8a0f77736b2d",
            "key_algorithm": "RSA_2048",
            "not_after": "2025-03-05T23:59:59Z",
            "not_before": "2024-02-05T00:00:00Z",
            "options": [
              {
                "certificate_transparency_logging_preference": "ENABLED"
              }
            ],
            "pending_renewal": false,
            "private_key": null,
            "renewal_eligibility": "ELIGIBLE",
            "renewal_summary": [],
            "status": "ISSUED",
            "subject_alternative_names": [
              "vat.erpware.co"
            ],
            "tags": {},
            "tags_all": {
              "Project": "VAT-Service",
              "terraform": "yes"
            },
            "type": "AMAZON_ISSUED",
            "validation_emails": [],
            "validation_method": "DNS",
            "validation_option": []
          },
          "sensitive_attributes": [],
          "private": "bnVsbA=="
        }
      ]
    },
    {
      "mode": "managed",
      "type": "aws_acm_certificate_validation",
      "name": "vat_erpware_co",
      "provider": "provider[\"registry.terraform.io/hashicorp/aws\"]",
      "instances": [
        {
          "schema_version": 0,
          "attributes": {
            "certificate_arn": "arn:aws:acm:eu-central-1:547989225539:certificate/7b35ae5a-8826-49a8-b245-8a0f77736b2d",
            "id": "2024-02-05 20:17:45.609 +0000 UTC",
            "timeouts": null,
            "validation_record_fqdns": [
              "_2abf8dbdde292f3f26b8d037d2192658.vat.erpware.co"
            ]
          },
          "sensitive_attributes": [],
          "private": "eyJlMmJmYjczMC1lY2FhLTExZTYtOGY4OC0zNDM2M2JjN2M0YzAiOnsiY3JlYXRlIjo0NTAwMDAwMDAwMDAwfX0=",
          "dependencies": [
            "aws_acm_certificate.vat_erpware_co",
            "aws_route53_record.vat_erpware_co_acm",
            "data.aws_route53_zone.erpware_co"
          ]
        }
      ]
    },
    {
      "mode": "managed",
      "type": "aws_api_gateway_base_path_mapping",
      "name": "vat_erpware_co",
      "provider": "provider[\"registry.terraform.io/hashicorp/aws\"]",
      "instances": [
        {
          "schema_version": 0,
          "attributes": {
            "api_id": "x7dkfhk6wb",
            "base_path": "",
            "domain_name": "vat.erpware.co",
            "id": "vat.erpware.co/",
            "stage_name": ""
          },
          "sensitive_attributes": [],
          "private": "bnVsbA==",
          "dependencies": [
            "aws_acm_certificate.vat_erpware_co",
            "aws_acm_certificate_validation.vat_erpware_co",
            "aws_api_gateway_domain_name.vat_erpware_co",
            "aws_api_gateway_rest_api.vat_service",
            "aws_route53_record.vat_erpware_co_acm",
            "data.aws_route53_zone.erpware_co"
          ]
        }
      ]
    },
    {
      "mode": "managed",
      "type": "aws_api_gateway_deployment",
      "name": "deployment",
      "provider": "provider[\"registry.terraform.io/hashicorp/aws\"]",
      "instances": [
        {
          "schema_version": 0,
          "attributes": {
            "created_date": "2024-02-23T20:39:12Z",
            "description": "",
            "execution_arn": "arn:aws:execute-api:eu-central-1:547989225539:x7dkfhk6wb/",
            "id": "ozqkk1",
            "invoke_url": "https://x7dkfhk6wb.execute-api.eu-central-1.amazonaws.com/",
            "rest_api_id": "x7dkfhk6wb",
            "stage_description": null,
            "stage_name": null,
            "triggers": {
              "redeployment": "1dff0d24155179285f1c4c944ef867d2fcea1a56"
            },
            "variables": null
          },
          "sensitive_attributes": [],
          "private": "bnVsbA==",
          "dependencies": [
            "aws_api_gateway_integration.validate_post",
            "aws_api_gateway_method.validate_post",
            "aws_api_gateway_resource.validate",
            "aws_api_gateway_rest_api.vat_service",
            "aws_cloudwatch_log_group.step-functions",
            "aws_iam_role.vat_validate",
            "aws_lambda_function.lambda_validate",
            "aws_sfn_state_machine.validation",
            "data.archive_file.lambda_validate",
            "data.aws_iam_policy_document.assume_role_lambda"
          ],
          "create_before_destroy": true
        }
      ]
    },
    {
      "mode": "managed",
      "type": "aws_api_gateway_domain_name",
      "name": "vat_erpware_co",
      "provider": "provider[\"registry.terraform.io/hashicorp/aws\"]",
      "instances": [
        {
          "schema_version": 0,
          "attributes": {
            "arn": "arn:aws:apigateway:eu-central-1::/domainnames/vat.erpware.co",
            "certificate_arn": "",
            "certificate_body": null,
            "certificate_chain": null,
            "certificate_name": "",
            "certificate_private_key": null,
            "certificate_upload_date": "2024-02-05T20:18:10Z",
            "cloudfront_domain_name": "",
            "cloudfront_zone_id": "Z2FDTNDATAQYW2",
            "domain_name": "vat.erpware.co",
            "endpoint_configuration": [
              {
                "types": [
                  "REGIONAL"
                ]
              }
            ],
            "id": "vat.erpware.co",
            "mutual_tls_authentication": [],
            "ownership_verification_certificate_arn": "",
            "regional_certificate_arn": "arn:aws:acm:eu-central-1:547989225539:certificate/7b35ae5a-8826-49a8-b245-8a0f77736b2d",
            "regional_certificate_name": "",
            "regional_domain_name": "d-c2dxn2gcb2.execute-api.eu-central-1.amazonaws.com",
            "regional_zone_id": "Z1U9ULNL0V5AJ3",
            "security_policy": "TLS_1_2",
            "tags": {},
            "tags_all": {
              "Project": "VAT-Service",
              "terraform": "yes"
            }
          },
          "sensitive_attributes": [],
          "private": "bnVsbA==",
          "dependencies": [
            "aws_acm_certificate.vat_erpware_co",
            "aws_acm_certificate_validation.vat_erpware_co",
            "aws_route53_record.vat_erpware_co_acm",
            "data.aws_route53_zone.erpware_co"
          ]
        }
      ]
    },
    {
      "mode": "managed",
      "type": "aws_api_gateway_integration",
      "name": "validate_post",
      "provider": "provider[\"registry.terraform.io/hashicorp/aws\"]",
      "instances": [
        {
          "schema_version": 0,
          "attributes": {
            "cache_key_parameters": [],
            "cache_namespace": "cknkse",
            "connection_id": "",
            "connection_type": "INTERNET",
            "content_handling": "",
            "credentials": "",
            "http_method": "POST",
            "id": "agi-x7dkfhk6wb-cknkse-POST",
            "integration_http_method": "POST",
            "passthrough_behavior": "WHEN_NO_MATCH",
            "request_parameters": {},
            "request_templates": {},
            "resource_id": "cknkse",
            "rest_api_id": "x7dkfhk6wb",
            "timeout_milliseconds": 29000,
            "tls_config": [],
            "type": "AWS_PROXY",
            "uri": "arn:aws:apigateway:eu-central-1:lambda:path/2015-03-31/functions/arn:aws:lambda:eu-central-1:547989225539:function:vat-validate/invocations"
          },
          "sensitive_attributes": [],
          "private": "bnVsbA==",
          "dependencies": [
            "aws_api_gateway_method.validate_post",
            "aws_api_gateway_resource.validate",
            "aws_api_gateway_rest_api.vat_service",
            "aws_cloudwatch_log_group.step-functions",
            "aws_iam_role.vat_validate",
            "aws_lambda_function.lambda_validate",
            "aws_sfn_state_machine.validation",
            "data.archive_file.lambda_validate",
            "data.aws_iam_policy_document.assume_role_lambda"
          ],
          "create_before_destroy": true
        }
      ]
    },
    {
      "mode": "managed",
      "type": "aws_api_gateway_integration_response",
      "name": "validate_post",
      "provider": "provider[\"registry.terraform.io/hashicorp/aws\"]",
      "instances": [
        {
          "schema_version": 0,
          "attributes": {
            "content_handling": "",
            "http_method": "POST",
            "id": "agir-x7dkfhk6wb-cknkse-POST-200",
            "resource_id": "cknkse",
            "response_parameters": {},
            "response_templates": {},
            "rest_api_id": "x7dkfhk6wb",
            "selection_pattern": "",
            "status_code": "200"
          },
          "sensitive_attributes": [],
          "private": "bnVsbA==",
          "dependencies": [
            "aws_api_gateway_integration.validate_post",
            "aws_api_gateway_method.validate_post",
            "aws_api_gateway_resource.validate",
            "aws_api_gateway_rest_api.vat_service",
            "aws_cloudwatch_log_group.step-functions",
            "aws_iam_role.vat_validate",
            "aws_lambda_function.lambda_validate",
            "aws_sfn_state_machine.validation",
            "data.archive_file.lambda_validate",
            "data.aws_iam_policy_document.assume_role_lambda"
          ]
        }
      ]
    },
    {
      "mode": "managed",
      "type": "aws_api_gateway_method",
      "name": "validate_post",
      "provider": "provider[\"registry.terraform.io/hashicorp/aws\"]",
      "instances": [
        {
          "schema_version": 0,
          "attributes": {
            "api_key_required": false,
            "authorization": "NONE",
            "authorization_scopes": [],
            "authorizer_id": "",
            "http_method": "POST",
            "id": "agm-x7dkfhk6wb-cknkse-POST",
            "operation_name": "",
            "request_models": {},
            "request_parameters": {},
            "request_validator_id": "",
            "resource_id": "cknkse",
            "rest_api_id": "x7dkfhk6wb"
          },
          "sensitive_attributes": [],
          "private": "bnVsbA==",
          "dependencies": [
            "aws_api_gateway_resource.validate",
            "aws_api_gateway_rest_api.vat_service"
          ],
          "create_before_destroy": true
        }
      ]
    },
    {
      "mode": "managed",
      "type": "aws_api_gateway_resource",
      "name": "validate",
      "provider": "provider[\"registry.terraform.io/hashicorp/aws\"]",
      "instances": [
        {
          "schema_version": 0,
          "attributes": {
            "id": "cknkse",
            "parent_id": "v11esb30qf",
            "path": "/validate",
            "path_part": "validate",
            "rest_api_id": "x7dkfhk6wb"
          },
          "sensitive_attributes": [],
          "private": "bnVsbA==",
          "dependencies": [
            "aws_api_gateway_rest_api.vat_service"
          ],
          "create_before_destroy": true
        }
      ]
    },
    {
      "mode": "managed",
      "type": "aws_api_gateway_rest_api",
      "name": "vat_service",
      "provider": "provider[\"registry.terraform.io/hashicorp/aws\"]",
      "instances": [
        {
          "schema_version": 0,
          "attributes": {
            "api_key_source": "HEADER",
            "arn": "arn:aws:apigateway:eu-central-1::/restapis/x7dkfhk6wb",
            "binary_media_types": [],
            "body": null,
            "created_date": "2024-02-05T20:17:10Z",
            "description": "VAT Service for validating VAT numbers.",
            "disable_execute_api_endpoint": false,
            "endpoint_configuration": [
              {
                "types": [
                  "REGIONAL"
                ],
                "vpc_endpoint_ids": []
              }
            ],
            "execution_arn": "arn:aws:execute-api:eu-central-1:547989225539:x7dkfhk6wb",
            "fail_on_warnings": null,
            "id": "x7dkfhk6wb",
            "minimum_compression_size": "",
            "name": "vat-service",
            "parameters": null,
            "policy": "",
            "put_rest_api_mode": null,
            "root_resource_id": "v11esb30qf",
            "tags": {},
            "tags_all": {
              "Project": "VAT-Service",
              "terraform": "yes"
            }
          },
          "sensitive_attributes": [],
          "private": "bnVsbA==",
          "create_before_destroy": true
        }
      ]
    },
    {
      "mode": "managed",
      "type": "aws_api_gateway_stage",
      "name": "v1",
      "provider": "provider[\"registry.terraform.io/hashicorp/aws\"]",
      "instances": [
        {
          "schema_version": 0,
          "attributes": {
            "access_log_settings": [],
            "arn": "arn:aws:apigateway:eu-central-1::/restapis/x7dkfhk6wb/stages/v1",
            "cache_cluster_enabled": false,
            "cache_cluster_size": "",
            "canary_settings": [],
            "client_certificate_id": "",
            "deployment_id": "ozqkk1",
            "description": "",
            "documentation_version": "",
            "execution_arn": "arn:aws:execute-api:eu-central-1:547989225539:x7dkfhk6wb/v1",
            "id": "ags-x7dkfhk6wb-v1",
            "invoke_url": "https://x7dkfhk6wb.execute-api.eu-central-1.amazonaws.com/v1",
            "rest_api_id": "x7dkfhk6wb",
            "stage_name": "v1",
            "tags": {},
            "tags_all": {
              "Project": "VAT-Service",
              "terraform": "yes"
            },
            "variables": {},
            "web_acl_arn": "",
            "xray_tracing_enabled": false
          },
          "sensitive_attributes": [],
          "private": "bnVsbA==",
          "dependencies": [
            "aws_api_gateway_deployment.deployment",
            "aws_api_gateway_integration.validate_post",
            "aws_api_gateway_method.validate_post",
            "aws_api_gateway_resource.validate",
            "aws_api_gateway_rest_api.vat_service",
            "aws_cloudwatch_log_group.step-functions",
            "aws_iam_role.vat_validate",
            "aws_lambda_function.lambda_validate",
            "aws_sfn_state_machine.validation",
            "data.archive_file.lambda_validate",
            "data.aws_iam_policy_document.assume_role_lambda"
          ]
        }
      ]
    },
    {
      "mode": "managed",
      "type": "aws_cloudwatch_log_group",
      "name": "step-functions",
      "provider": "provider[\"registry.terraform.io/hashicorp/aws\"]",
      "instances": [
        {
          "schema_version": 0,
          "attributes": {
            "arn": "arn:aws:logs:eu-central-1:547989225539:log-group:/aws/vendedlogs/states/VAT-Validation",
            "id": "/aws/vendedlogs/states/VAT-Validation",
            "kms_key_id": "",
            "log_group_class": "STANDARD",
            "name": "/aws/vendedlogs/states/VAT-Validation",
            "name_prefix": "",
            "retention_in_days": 14,
            "skip_destroy": false,
            "tags": {},
            "tags_all": {
              "Project": "VAT-Service",
              "terraform": "yes"
            }
          },
          "sensitive_attributes": [],
          "private": "bnVsbA==",
          "create_before_destroy": true
        }
      ]
    },
    {
      "mode": "managed",
      "type": "aws_cloudwatch_log_group",
      "name": "validate",
      "provider": "provider[\"registry.terraform.io/hashicorp/aws\"]",
      "instances": [
        {
          "schema_version": 0,
          "attributes": {
            "arn": "arn:aws:logs:eu-central-1:547989225539:log-group:/aws/lambda/vat-validate",
            "id": "/aws/lambda/vat-validate",
            "kms_key_id": "",
            "log_group_class": "STANDARD",
            "name": "/aws/lambda/vat-validate",
            "name_prefix": "",
            "retention_in_days": 14,
            "skip_destroy": false,
            "tags": {},
            "tags_all": {
              "Project": "VAT-Service",
              "terraform": "yes"
            }
          },
          "sensitive_attributes": [],
          "private": "bnVsbA==",
          "dependencies": [
            "aws_cloudwatch_log_group.step-functions",
            "aws_iam_role.vat_validate",
            "aws_lambda_function.lambda_validate",
            "aws_sfn_state_machine.validation",
            "data.archive_file.lambda_validate",
            "data.aws_iam_policy_document.assume_role_lambda"
          ]
        }
      ]
    },
    {
      "mode": "managed",
      "type": "aws_cloudwatch_log_group",
      "name": "validate-bzst",
      "provider": "provider[\"registry.terraform.io/hashicorp/aws\"]",
      "instances": [
        {
          "schema_version": 0,
          "attributes": {
            "arn": "arn:aws:logs:eu-central-1:547989225539:log-group:/aws/lambda/vat-validate-bzst",
            "id": "/aws/lambda/vat-validate-bzst",
            "kms_key_id": "",
            "log_group_class": "STANDARD",
            "name": "/aws/lambda/vat-validate-bzst",
            "name_prefix": "",
            "retention_in_days": 14,
            "skip_destroy": false,
            "tags": {},
            "tags_all": {
              "Project": "VAT-Service",
              "terraform": "yes"
            }
          },
          "sensitive_attributes": [],
          "private": "bnVsbA==",
          "dependencies": [
            "aws_dynamodb_table.ew_validation_responsecodes",
            "aws_dynamodb_table.ew_validation_service",
            "aws_iam_role.bzst",
            "aws_lambda_function.bzst",
            "data.archive_file.bzst",
            "data.aws_iam_policy_document.assume_role_lambda"
          ]
        }
      ]
    },
    {
      "mode": "managed",
      "type": "aws_cloudwatch_log_group",
      "name": "validate-hmrc",
      "provider": "provider[\"registry.terraform.io/hashicorp/aws\"]",
      "instances": [
        {
          "schema_version": 0,
          "attributes": {
            "arn": "arn:aws:logs:eu-central-1:547989225539:log-group:/aws/lambda/vat-validate-hmrc",
            "id": "/aws/lambda/vat-validate-hmrc",
            "kms_key_id": "",
            "log_group_class": "STANDARD",
            "name": "/aws/lambda/vat-validate-hmrc",
            "name_prefix": "",
            "retention_in_days": 14,
            "skip_destroy": false,
            "tags": {},
            "tags_all": {
              "Project": "VAT-Service",
              "terraform": "yes"
            }
          },
          "sensitive_attributes": [],
          "private": "bnVsbA==",
          "dependencies": [
            "aws_dynamodb_table.ew_validation_responsecodes",
            "aws_dynamodb_table.ew_validation_service",
            "aws_iam_role.hmrc",
            "aws_lambda_function.hmrc",
            "data.archive_file.hmrc",
            "data.aws_iam_policy_document.assume_role_lambda"
          ]
        }
      ]
    },
    {
      "mode": "managed",
      "type": "aws_cloudwatch_log_group",
      "name": "validate-vies",
      "provider": "provider[\"registry.terraform.io/hashicorp/aws\"]",
      "instances": [
        {
          "schema_version": 0,
          "attributes": {
            "arn": "arn:aws:logs:eu-central-1:547989225539:log-group:/aws/lambda/vat-validate-vies",
            "id": "/aws/lambda/vat-validate-vies",
            "kms_key_id": "",
            "log_group_class": "STANDARD",
            "name": "/aws/lambda/vat-validate-vies",
            "name_prefix": "",
            "retention_in_days": 14,
            "skip_destroy": false,
            "tags": {},
            "tags_all": {
              "Project": "VAT-Service",
              "terraform": "yes"
            }
          },
          "sensitive_attributes": [],
          "private": "bnVsbA==",
          "dependencies": [
            "aws_dynamodb_table.ew_validation_responsecodes",
            "aws_dynamodb_table.ew_validation_service",
            "aws_iam_role.vies",
            "aws_lambda_function.vies",
            "data.archive_file.vies",
            "data.aws_iam_policy_document.assume_role_lambda"
          ]
        }
      ]
    },
    {
      "mode": "managed",
      "type": "aws_dynamodb_table",
      "name": "ew_validation_responsecodes",
      "provider": "provider[\"registry.terraform.io/hashicorp/aws\"]",
      "instances": [
        {
          "index_key": "bzst",
          "schema_version": 1,
          "attributes": {
            "arn": "arn:aws:dynamodb:eu-central-1:547989225539:table/ew_validation_service_responsecodes_bzst",
            "attribute": [
              {
                "name": "status",
                "type": "S"
              }
            ],
            "billing_mode": "PAY_PER_REQUEST",
            "deletion_protection_enabled": true,
            "global_secondary_index": [],
            "hash_key": "status",
            "id": "ew_validation_service_responsecodes_bzst",
            "import_table": [],
            "local_secondary_index": [],
            "name": "ew_validation_service_responsecodes_bzst",
            "point_in_time_recovery": [
              {
                "enabled": true
              }
            ],
            "range_key": null,
            "read_capacity": 0,
            "replica": [],
            "restore_date_time": null,
            "restore_source_name": null,
            "restore_to_latest_time": null,
            "server_side_encryption": [],
            "stream_arn": "",
            "stream_enabled": false,
            "stream_label": "",
            "stream_view_type": "",
            "table_class": "STANDARD",
            "tags": {},
            "tags_all": {
              "Project": "VAT-Service",
              "terraform": "yes"
            },
            "timeouts": {
              "create": null,
              "delete": null,
              "update": null
            },
            "ttl": [
              {
                "attribute_name": "",
                "enabled": false
              }
            ],
            "write_capacity": 0
          },
          "sensitive_attributes": [],
          "private": "eyJlMmJmYjczMC1lY2FhLTExZTYtOGY4OC0zNDM2M2JjN2M0YzAiOnsiY3JlYXRlIjoxODAwMDAwMDAwMDAwLCJkZWxldGUiOjYwMDAwMDAwMDAwMCwidXBkYXRlIjozNjAwMDAwMDAwMDAwfSwic2NoZW1hX3ZlcnNpb24iOiIxIn0="
        },
        {
          "index_key": "hmrc",
          "schema_version": 1,
          "attributes": {
            "arn": "arn:aws:dynamodb:eu-central-1:547989225539:table/ew_validation_service_responsecodes_hmrc",
            "attribute": [
              {
                "name": "status",
                "type": "S"
              }
            ],
            "billing_mode": "PAY_PER_REQUEST",
            "deletion_protection_enabled": true,
            "global_secondary_index": [],
            "hash_key": "status",
            "id": "ew_validation_service_responsecodes_hmrc",
            "import_table": [],
            "local_secondary_index": [],
            "name": "ew_validation_service_responsecodes_hmrc",
            "point_in_time_recovery": [
              {
                "enabled": true
              }
            ],
            "range_key": null,
            "read_capacity": 0,
            "replica": [],
            "restore_date_time": null,
            "restore_source_name": null,
            "restore_to_latest_time": null,
            "server_side_encryption": [],
            "stream_arn": "",
            "stream_enabled": false,
            "stream_label": "",
            "stream_view_type": "",
            "table_class": "STANDARD",
            "tags": {},
            "tags_all": {
              "Project": "VAT-Service",
              "terraform": "yes"
            },
            "timeouts": {
              "create": null,
              "delete": null,
              "update": null
            },
            "ttl": [
              {
                "attribute_name": "",
                "enabled": false
              }
            ],
            "write_capacity": 0
          },
          "sensitive_attributes": [],
          "private": "eyJlMmJmYjczMC1lY2FhLTExZTYtOGY4OC0zNDM2M2JjN2M0YzAiOnsiY3JlYXRlIjoxODAwMDAwMDAwMDAwLCJkZWxldGUiOjYwMDAwMDAwMDAwMCwidXBkYXRlIjozNjAwMDAwMDAwMDAwfSwic2NoZW1hX3ZlcnNpb24iOiIxIn0="
        },
        {
          "index_key": "vies",
          "schema_version": 1,
          "attributes": {
            "arn": "arn:aws:dynamodb:eu-central-1:547989225539:table/ew_validation_service_responsecodes_vies",
            "attribute": [
              {
                "name": "status",
                "type": "S"
              }
            ],
            "billing_mode": "PAY_PER_REQUEST",
            "deletion_protection_enabled": true,
            "global_secondary_index": [],
            "hash_key": "status",
            "id": "ew_validation_service_responsecodes_vies",
            "import_table": [],
            "local_secondary_index": [],
            "name": "ew_validation_service_responsecodes_vies",
            "point_in_time_recovery": [
              {
                "enabled": true
              }
            ],
            "range_key": null,
            "read_capacity": 0,
            "replica": [],
            "restore_date_time": null,
            "restore_source_name": null,
            "restore_to_latest_time": null,
            "server_side_encryption": [],
            "stream_arn": "",
            "stream_enabled": false,
            "stream_label": "",
            "stream_view_type": "",
            "table_class": "STANDARD",
            "tags": {},
            "tags_all": {
              "Project": "VAT-Service",
              "terraform": "yes"
            },
            "timeouts": {
              "create": null,
              "delete": null,
              "update": null
            },
            "ttl": [
              {
                "attribute_name": "",
                "enabled": false
              }
            ],
            "write_capacity": 0
          },
          "sensitive_attributes": [],
          "private": "eyJlMmJmYjczMC1lY2FhLTExZTYtOGY4OC0zNDM2M2JjN2M0YzAiOnsiY3JlYXRlIjoxODAwMDAwMDAwMDAwLCJkZWxldGUiOjYwMDAwMDAwMDAwMCwidXBkYXRlIjozNjAwMDAwMDAwMDAwfSwic2NoZW1hX3ZlcnNpb24iOiIxIn0="
        }
      ]
    },
    {
      "mode": "managed",
      "type": "aws_dynamodb_table",
      "name": "ew_validation_service",
      "provider": "provider[\"registry.terraform.io/hashicorp/aws\"]",
      "instances": [
        {
          "schema_version": 1,
          "attributes": {
            "arn": "arn:aws:dynamodb:eu-central-1:547989225539:table/ew_validation_service",
            "attribute": [
              {
                "name": "vat",
                "type": "S"
              }
            ],
            "billing_mode": "PAY_PER_REQUEST",
            "deletion_protection_enabled": true,
            "global_secondary_index": [],
            "hash_key": "vat",
            "id": "ew_validation_service",
            "import_table": [],
            "local_secondary_index": [],
            "name": "ew_validation_service",
            "point_in_time_recovery": [
              {
                "enabled": true
              }
            ],
            "range_key": null,
            "read_capacity": 0,
            "replica": [],
            "restore_date_time": null,
            "restore_source_name": null,
            "restore_to_latest_time": null,
            "server_side_encryption": [],
            "stream_arn": "",
            "stream_enabled": false,
            "stream_label": "",
            "stream_view_type": "",
            "table_class": "STANDARD",
            "tags": {},
            "tags_all": {
              "Project": "VAT-Service",
              "terraform": "yes"
            },
            "timeouts": {
              "create": null,
              "delete": null,
              "update": null
            },
            "ttl": [
              {
                "attribute_name": "",
                "enabled": false
              }
            ],
            "write_capacity": 0
          },
          "sensitive_attributes": [],
          "private": "eyJlMmJmYjczMC1lY2FhLTExZTYtOGY4OC0zNDM2M2JjN2M0YzAiOnsiY3JlYXRlIjoxODAwMDAwMDAwMDAwLCJkZWxldGUiOjYwMDAwMDAwMDAwMCwidXBkYXRlIjozNjAwMDAwMDAwMDAwfSwic2NoZW1hX3ZlcnNpb24iOiIxIn0="
        }
      ]
    },
    {
      "mode": "managed",
      "type": "aws_dynamodb_table_item",
      "name": "responsecode_bzst",
      "provider": "provider[\"registry.terraform.io/hashicorp/aws\"]",
      "instances": [
        {
          "index_key": "000",
          "schema_version": 0,
          "attributes": {
            "hash_key": "status",
            "id": "ew_validation_service_responsecodes_bzst|status||000|",
            "item": "{\"de\":{\"S\":\"Es wurde ein unbekannter Rückgabewert übermittelt. Bitte wenden Sie sich an support@erpware.de zur Prüfung.\"},\"en\":{\"S\":\"An unknown return value was transmitted. Please send an email to support@erpware.de for verification.\"},\"status\":{\"S\":\"000\"}}",
            "range_key": null,
            "table_name": "ew_validation_service_responsecodes_bzst"
          },
          "sensitive_attributes": [],
          "private": "bnVsbA==",
          "dependencies": [
            "aws_dynamodb_table.ew_validation_responsecodes"
          ]
        },
        {
          "index_key": "200",
          "schema_version": 0,
          "attributes": {
            "hash_key": "status",
            "id": "ew_validation_service_responsecodes_bzst|status||200|",
            "item": "{\"de\":{\"S\":\"Die angefragte USt-IdNr. ist gültig.\"},\"en\":{\"S\":\"The requested VAT ID number is valid.\"},\"status\":{\"S\":\"200\"}}",
            "range_key": null,
            "table_name": "ew_validation_service_responsecodes_bzst"
          },
          "sensitive_attributes": [],
          "private": "bnVsbA==",
          "dependencies": [
            "aws_dynamodb_table.ew_validation_responsecodes"
          ]
        },
        {
          "index_key": "201",
          "schema_version": 0,
          "attributes": {
            "hash_key": "status",
            "id": "ew_validation_service_responsecodes_bzst|status||201|",
            "item": "{\"de\":{\"S\":\"Die angefragte USt-IdNr. ist ungültig.\"},\"en\":{\"S\":\"The requested VAT ID number is invalid.\"},\"status\":{\"S\":\"201\"}}",
            "range_key": null,
            "table_name": "ew_validation_service_responsecodes_bzst"
          },
          "sensitive_attributes": [],
          "private": "bnVsbA==",
          "dependencies": [
            "aws_dynamodb_table.ew_validation_responsecodes"
          ]
        },
        {
          "index_key": "202",
          "schema_version": 0,
          "attributes": {
            "hash_key": "status",
            "id": "ew_validation_service_responsecodes_bzst|status||202|",
            "item": "{\"de\":{\"S\":\"Die angefragte USt-IdNr. ist ungültig. Sie ist nicht in der Unternehmerdatei des betreffenden EU-Mitgliedstaates registriert. Hinweis: Ihr Geschäftspartner kann seine gültige USt-IdNr. bei der für ihn zuständigen Finanzbehörde in Erfahrung bringen.\"},\"en\":{\"S\":\"The requested VAT ID number is invalid. It is not registered in the entrepreneur file of the EU member state concerned. Note: Your business partner can obtain his valid VAT number from the tax authority responsible for him.\"},\"status\":{\"S\":\"202\"}}",
            "range_key": null,
            "table_name": "ew_validation_service_responsecodes_bzst"
          },
          "sensitive_attributes": [],
          "private": "bnVsbA==",
          "dependencies": [
            "aws_dynamodb_table.ew_validation_responsecodes"
          ]
        },
        {
          "index_key": "203",
          "schema_version": 0,
          "attributes": {
            "hash_key": "status",
            "id": "ew_validation_service_responsecodes_bzst|status||203|",
            "item": "{\"de\":{\"S\":\"Die angefragte USt-IdNr. ist ungültig. Sie ist erst ab dem %validfrom gültig.\"},\"en\":{\"S\":\"The requested VAT ID number is invalid. It is only valid from the %validfrom.\"},\"status\":{\"S\":\"203\"}}",
            "range_key": null,
            "table_name": "ew_validation_service_responsecodes_bzst"
          },
          "sensitive_attributes": [],
          "private": "bnVsbA==",
          "dependencies": [
            "aws_dynamodb_table.ew_validation_responsecodes"
          ]
        },
        {
          "index_key": "204",
          "schema_version": 0,
          "attributes": {
            "hash_key": "status",
            "id": "ew_validation_service_responsecodes_bzst|status||204|",
            "item": "{\"de\":{\"S\":\"Die angefragte USt-IdNr. ist ungültig. Sie war im Zeitraum von %validfrom bis %validto gültig.\"},\"en\":{\"S\":\"The requested VAT ID number is invalid. It was valid from %validfrom to %validto.\"},\"status\":{\"S\":\"204\"}}",
            "range_key": null,
            "table_name": "ew_validation_service_responsecodes_bzst"
          },
          "sensitive_attributes": [],
          "private": "bnVsbA==",
          "dependencies": [
            "aws_dynamodb_table.ew_validation_responsecodes"
          ]
        },
        {
          "index_key": "205",
          "schema_version": 0,
          "attributes": {
            "hash_key": "status",
            "id": "ew_validation_service_responsecodes_bzst|status||205|",
            "item": "{\"de\":{\"S\":\"Ihre Anfrage kann derzeit durch den angefragten EU-Mitgliedstaat oder aus anderen Gründen nicht beantwortet werden. Bitte versuchen Sie es später noch einmal. Bei wiederholten Problemen wenden Sie sich bitte an das Bundeszentralamt für Steuern-Dienst.\"},\"en\":{\"S\":\"Your request cannot currently be answered by the requested EU Member State or for any other reason. Please try again later. In case of repeated problems, please contact the Bundeszentralamt für Steuern-Dienst (Federal Central Tax Office).\"},\"status\":{\"S\":\"205\"}}",
            "range_key": null,
            "table_name": "ew_validation_service_responsecodes_bzst"
          },
          "sensitive_attributes": [],
          "private": "bnVsbA==",
          "dependencies": [
            "aws_dynamodb_table.ew_validation_responsecodes"
          ]
        },
        {
          "index_key": "206",
          "schema_version": 0,
          "attributes": {
            "hash_key": "status",
            "id": "ew_validation_service_responsecodes_bzst|status||206|",
            "item": "{\"de\":{\"S\":\"Ihre deutsche USt-IdNr. ist ungültig. Eine Bestätigungsanfrage ist daher nicht möglich. Den Grund hierfür können Sie beim Bundeszentralamt für Steuern - Dienstsitz Saarlouis - erfragen.\"},\"en\":{\"S\":\"Your German VAT number is invalid. A confirmation request is therefore not possible. You can find out the reason for this from the Bundeszentralamt für Steuern - Dienstsitz Saarlouis.\"},\"status\":{\"S\":\"206\"}}",
            "range_key": null,
            "table_name": "ew_validation_service_responsecodes_bzst"
          },
          "sensitive_attributes": [],
          "private": "bnVsbA==",
          "dependencies": [
            "aws_dynamodb_table.ew_validation_responsecodes"
          ]
        },
        {
          "index_key": "207",
          "schema_version": 0,
          "attributes": {
            "hash_key": "status",
            "id": "ew_validation_service_responsecodes_bzst|status||207|",
            "item": "{\"de\":{\"S\":\"Ihnen wurde die deutsche USt-IdNr. ausschliesslich zu Zwecken der Besteuerung des innergemeinschaftlichen Erwerbs erteilt. Sie sind somit nicht berechtigt, Bestätigungsanfragen zu stellen.\"},\"en\":{\"S\":\"They were granted the German VAT ID number exclusively for the purpose of taxation of intra-Community acquisitions. You are therefore not entitled to make confirmation requests.\"},\"status\":{\"S\":\"207\"}}",
            "range_key": null,
            "table_name": "ew_validation_service_responsecodes_bzst"
          },
          "sensitive_attributes": [],
          "private": "bnVsbA==",
          "dependencies": [
            "aws_dynamodb_table.ew_validation_responsecodes"
          ]
        },
        {
          "index_key": "208",
          "schema_version": 0,
          "attributes": {
            "hash_key": "status",
            "id": "ew_validation_service_responsecodes_bzst|status||208|",
            "item": "{\"de\":{\"S\":\"Für die von Ihnen angefragte USt-IdNr. läuft gerade eine Anfrage von einem anderen Nutzer. Eine Bearbeitung ist daher nicht möglich. Bitte versuchen Sie es später noch einmal.\"},\"en\":{\"S\":\"The VAT ID number you requested is currently being requested by another user. Processing is therefore not possible. Please try again later.\"},\"status\":{\"S\":\"208\"}}",
            "range_key": null,
            "table_name": "ew_validation_service_responsecodes_bzst"
          },
          "sensitive_attributes": [],
          "private": "bnVsbA==",
          "dependencies": [
            "aws_dynamodb_table.ew_validation_responsecodes"
          ]
        },
        {
          "index_key": "209",
          "schema_version": 0,
          "attributes": {
            "hash_key": "status",
            "id": "ew_validation_service_responsecodes_bzst|status||209|",
            "item": "{\"de\":{\"S\":\"Die angefragte USt-IdNr. ist ungültig. Sie entspricht nicht dem Aufbau der für diesen EU-Mitgliedstaat gilt.\"},\"en\":{\"S\":\"The requested VAT ID number is invalid. It does not correspond to the structure that applies to this EU member state.\"},\"status\":{\"S\":\"209\"}}",
            "range_key": null,
            "table_name": "ew_validation_service_responsecodes_bzst"
          },
          "sensitive_attributes": [],
          "private": "bnVsbA==",
          "dependencies": [
            "aws_dynamodb_table.ew_validation_responsecodes"
          ]
        },
        {
          "index_key": "210",
          "schema_version": 0,
          "attributes": {
            "hash_key": "status",
            "id": "ew_validation_service_responsecodes_bzst|status||210|",
            "item": "{\"de\":{\"S\":\"Die angefragte USt-IdNr. ist ungültig. Sie entspricht nicht den Prüfziffernregeln die für diesen EU-Mitgliedstaat gelten.\"},\"en\":{\"S\":\"The requested VAT ID number is invalid. It does not comply with the check digit rules applicable to this EU member state.\"},\"status\":{\"S\":\"210\"}}",
            "range_key": null,
            "table_name": "ew_validation_service_responsecodes_bzst"
          },
          "sensitive_attributes": [],
          "private": "bnVsbA==",
          "dependencies": [
            "aws_dynamodb_table.ew_validation_responsecodes"
          ]
        },
        {
          "index_key": "211",
          "schema_version": 0,
          "attributes": {
            "hash_key": "status",
            "id": "ew_validation_service_responsecodes_bzst|status||211|",
            "item": "{\"de\":{\"S\":\"Die angefragte USt-IdNr. ist ungültig. Sie enthält unzulässige Zeichen.\"},\"en\":{\"S\":\"The requested VAT ID number is invalid. It contains invalid characters.\"},\"status\":{\"S\":\"211\"}}",
            "range_key": null,
            "table_name": "ew_validation_service_responsecodes_bzst"
          },
          "sensitive_attributes": [],
          "private": "bnVsbA==",
          "dependencies": [
            "aws_dynamodb_table.ew_validation_responsecodes"
          ]
        },
        {
          "index_key": "212",
          "schema_version": 0,
          "attributes": {
            "hash_key": "status",
            "id": "ew_validation_service_responsecodes_bzst|status||212|",
            "item": "{\"de\":{\"S\":\"Die angefragte USt-IdNr. ist ungültig. Sie enthält ein unzulässiges Länderkennzeichen.\"},\"en\":{\"S\":\"The requested VAT ID number is invalid. It contains an invalid country code.\"},\"status\":{\"S\":\"212\"}}",
            "range_key": null,
            "table_name": "ew_validation_service_responsecodes_bzst"
          },
          "sensitive_attributes": [],
          "private": "bnVsbA==",
          "dependencies": [
            "aws_dynamodb_table.ew_validation_responsecodes"
          ]
        },
        {
          "index_key": "213",
          "schema_version": 0,
          "attributes": {
            "hash_key": "status",
            "id": "ew_validation_service_responsecodes_bzst|status||213|",
            "item": "{\"de\":{\"S\":\"Die Abfrage einer deutschen USt-IdNr. ist nicht möglich.\"},\"en\":{\"S\":\"It is not possible to query a German VAT ID number.\"},\"status\":{\"S\":\"213\"}}",
            "range_key": null,
            "table_name": "ew_validation_service_responsecodes_bzst"
          },
          "sensitive_attributes": [],
          "private": "bnVsbA==",
          "dependencies": [
            "aws_dynamodb_table.ew_validation_responsecodes"
          ]
        },
        {
          "index_key": "214",
          "schema_version": 0,
          "attributes": {
            "hash_key": "status",
            "id": "ew_validation_service_responsecodes_bzst|status||214|",
            "item": "{\"de\":{\"S\":\"Ihre deutsche USt-IdNr. ist fehlerhaft. Sie beginnt mit 'DE' gefolgt von 9 Ziffern.\"},\"en\":{\"S\":\"Your German VAT number is incorrect. It begins with 'DE' followed by 9 digits.\"},\"status\":{\"S\":\"214\"}}",
            "range_key": null,
            "table_name": "ew_validation_service_responsecodes_bzst"
          },
          "sensitive_attributes": [],
          "private": "bnVsbA==",
          "dependencies": [
            "aws_dynamodb_table.ew_validation_responsecodes"
          ]
        },
        {
          "index_key": "215",
          "schema_version": 0,
          "attributes": {
            "hash_key": "status",
            "id": "ew_validation_service_responsecodes_bzst|status||215|",
            "item": "{\"de\":{\"S\":\"Ihre Anfrage enthält nicht alle notwendigen Angaben für eine einfache Bestätigungsanfrage (Ihre deutsche USt-IdNr. und die ausl. USt-IdNr.). Ihre Anfrage kann deshalb nicht bearbeitet werden.\"},\"en\":{\"S\":\"Your request does not contain all necessary information for a simple confirmation request (your German VAT ID number and the foreign VAT ID number). Your request can therefore not be processed.\"},\"status\":{\"S\":\"215\"}}",
            "range_key": null,
            "table_name": "ew_validation_service_responsecodes_bzst"
          },
          "sensitive_attributes": [],
          "private": "bnVsbA==",
          "dependencies": [
            "aws_dynamodb_table.ew_validation_responsecodes"
          ]
        },
        {
          "index_key": "216",
          "schema_version": 0,
          "attributes": {
            "hash_key": "status",
            "id": "ew_validation_service_responsecodes_bzst|status||216|",
            "item": "{\"de\":{\"S\":\"Ihre Anfrage enthält nicht alle notwendigen Angaben für eine qualifizierte Bestätigungsanfrage (Ihre deutsche USt-IdNr., die ausl. USt-IdNr., Firmenname einschl. Rechtsform und Ort). Es wurde eine einfache Bestätigungsanfrage durchgeführt mit folgenden Ergebnis: Die angefragte USt-IdNr. ist gültig.\"},\"en\":{\"S\":\"Your request does not contain all necessary information for a qualified confirmation request (your German VAT ID number, foreign VAT ID number, company name including legal form and location). A simple confirmation request was made with the following result: The requested VAT number is valid.\"},\"status\":{\"S\":\"216\"}}",
            "range_key": null,
            "table_name": "ew_validation_service_responsecodes_bzst"
          },
          "sensitive_attributes": [],
          "private": "bnVsbA==",
          "dependencies": [
            "aws_dynamodb_table.ew_validation_responsecodes"
          ]
        },
        {
          "index_key": "217",
          "schema_version": 0,
          "attributes": {
            "hash_key": "status",
            "id": "ew_validation_service_responsecodes_bzst|status||217|",
            "item": "{\"de\":{\"S\":\"Bei der Verarbeitung der Daten aus dem angefragten EU-Mitgliedstaat ist ein Fehler aufgetreten. Ihre Anfrage kann deshalb nicht bearbeitet werden.\"},\"en\":{\"S\":\"An error has occurred in the processing of the data from the requested EU Member State. Your request cannot therefore be processed.\"},\"status\":{\"S\":\"217\"}}",
            "range_key": null,
            "table_name": "ew_validation_service_responsecodes_bzst"
          },
          "sensitive_attributes": [],
          "private": "bnVsbA==",
          "dependencies": [
            "aws_dynamodb_table.ew_validation_responsecodes"
          ]
        },
        {
          "index_key": "218",
          "schema_version": 0,
          "attributes": {
            "hash_key": "status",
            "id": "ew_validation_service_responsecodes_bzst|status||218|",
            "item": "{\"de\":{\"S\":\"Eine qualifizierte Bestätigung ist zur Zeit nicht möglich. Es wurde eine einfache Bestätigungsanfrage mit folgendem Ergebnis durchgeführt: Die angefragte USt-IdNr. ist gültig.\"},\"en\":{\"S\":\"A qualified confirmation is currently not possible. A simple confirmation request was made with the following result: The requested VAT ID number is valid.\"},\"status\":{\"S\":\"218\"}}",
            "range_key": null,
            "table_name": "ew_validation_service_responsecodes_bzst"
          },
          "sensitive_attributes": [],
          "private": "bnVsbA==",
          "dependencies": [
            "aws_dynamodb_table.ew_validation_responsecodes"
          ]
        },
        {
          "index_key": "219",
          "schema_version": 0,
          "attributes": {
            "hash_key": "status",
            "id": "ew_validation_service_responsecodes_bzst|status||219|",
            "item": "{\"de\":{\"S\":\"Bei der Durchführung der qualifizierten Bestätigungsanfrage ist ein Fehler aufgetreten. Es wurde eine einfache Bestätigungsanfrage mit folgendem Ergebnis durchgeführt: Die angefragte USt-IdNr. ist gültig.\"},\"en\":{\"S\":\"An error occurred during the execution of the qualified confirmation request. A simple confirmation request was executed with the following result: The requested VAT ID number is valid.\"},\"status\":{\"S\":\"219\"}}",
            "range_key": null,
            "table_name": "ew_validation_service_responsecodes_bzst"
          },
          "sensitive_attributes": [],
          "private": "bnVsbA==",
          "dependencies": [
            "aws_dynamodb_table.ew_validation_responsecodes"
          ]
        },
        {
          "index_key": "220",
          "schema_version": 0,
          "attributes": {
            "hash_key": "status",
            "id": "ew_validation_service_responsecodes_bzst|status||220|",
            "item": "{\"de\":{\"S\":\"Bei der Anforderung der amtlichen Bestätigungsmitteilung ist ein Fehler aufgetreten. Sie werden kein Schreiben erhalten.\"},\"en\":{\"S\":\"An error occurred when requesting the official confirmation message. You will not receive a letter.\"},\"status\":{\"S\":\"220\"}}",
            "range_key": null,
            "table_name": "ew_validation_service_responsecodes_bzst"
          },
          "sensitive_attributes": [],
          "private": "bnVsbA==",
          "dependencies": [
            "aws_dynamodb_table.ew_validation_responsecodes"
          ]
        },
        {
          "index_key": "221",
          "schema_version": 0,
          "attributes": {
            "hash_key": "status",
            "id": "ew_validation_service_responsecodes_bzst|status||221|",
            "item": "{\"de\":{\"S\":\"Die Anfragedaten enthalten nicht alle notwendigen Parameter oder einen ungültigen Datentyp.\"},\"en\":{\"S\":\"The request data does not contain all necessary parameters or an invalid data type.\"},\"status\":{\"S\":\"221\"}}",
            "range_key": null,
            "table_name": "ew_validation_service_responsecodes_bzst"
          },
          "sensitive_attributes": [],
          "private": "bnVsbA==",
          "dependencies": [
            "aws_dynamodb_table.ew_validation_responsecodes"
          ]
        },
        {
          "index_key": "223",
          "schema_version": 0,
          "attributes": {
            "hash_key": "status",
            "id": "ew_validation_service_responsecodes_bzst|status||223|",
            "item": "{\"de\":{\"S\":\"Die angefragte USt-IdNr. ist gültig. Die Druckfunktion steht nicht mehr zur Verfügung, da der Nachweis gem. UStAE zu § 18e.1 zu führen ist.\"},\"en\":{\"S\":\"The requested VAT registration number is valid. The print function is no longer available, as the proof must be provided in accordance with § 18e.1 UStAE.\"},\"status\":{\"S\":\"223\"}}",
            "range_key": null,
            "table_name": "ew_validation_service_responsecodes_bzst"
          },
          "sensitive_attributes": [],
          "private": "bnVsbA==",
          "dependencies": [
            "aws_dynamodb_table.ew_validation_responsecodes"
          ]
        },
        {
          "index_key": "997",
          "schema_version": 0,
          "attributes": {
            "hash_key": "status",
            "id": "ew_validation_service_responsecodes_bzst|status||997|",
            "item": "{\"de\":{\"S\":\"Die Anzahl der PrÃ¼fungen ist in der Testversion auf 5 beschränkt.\"},\"en\":{\"S\":\"The number of exams in the trial version is limited to 5.\"},\"status\":{\"S\":\"997\"}}",
            "range_key": null,
            "table_name": "ew_validation_service_responsecodes_bzst"
          },
          "sensitive_attributes": [],
          "private": "bnVsbA==",
          "dependencies": [
            "aws_dynamodb_table.ew_validation_responsecodes"
          ]
        },
        {
          "index_key": "998",
          "schema_version": 0,
          "attributes": {
            "hash_key": "status",
            "id": "ew_validation_service_responsecodes_bzst|status||998|",
            "item": "{\"de\":{\"S\":\"Sie nutzen die Testversion. Der Datensatz wurde nicht geprüft.\"},\"en\":{\"S\":\"You are using the trail version. The record was not checked.\"},\"status\":{\"S\":\"998\"}}",
            "range_key": null,
            "table_name": "ew_validation_service_responsecodes_bzst"
          },
          "sensitive_attributes": [],
          "private": "bnVsbA==",
          "dependencies": [
            "aws_dynamodb_table.ew_validation_responsecodes"
          ]
        },
        {
          "index_key": "999",
          "schema_version": 0,
          "attributes": {
            "hash_key": "status",
            "id": "ew_validation_service_responsecodes_bzst|status||999|",
            "item": "{\"de\":{\"S\":\"Eine Bearbeitung Ihrer Anfrage ist zurzeit nicht möglich. Bitte versuchen Sie es später noch einmal.\"},\"en\":{\"S\":\"It is currently not possible to process your request. Please try again later.\"},\"status\":{\"S\":\"999\"}}",
            "range_key": null,
            "table_name": "ew_validation_service_responsecodes_bzst"
          },
          "sensitive_attributes": [],
          "private": "bnVsbA==",
          "dependencies": [
            "aws_dynamodb_table.ew_validation_responsecodes"
          ]
        }
      ]
    },
    {
      "mode": "managed",
      "type": "aws_dynamodb_table_item",
      "name": "responsecode_hmrc",
      "provider": "provider[\"registry.terraform.io/hashicorp/aws\"]",
      "instances": [
        {
          "index_key": "TIMEOUT",
          "schema_version": 0,
          "attributes": {
            "hash_key": "status",
            "id": "ew_validation_service_responsecodes_hmrc|status||TIMEOUT|",
            "item": "{\"de\":{\"S\":\"Die Anwendung hat innerhalb der vorgegebenen Zeitspanne keine Antwort erhalten, versuchen Sie es später noch einmal.\"},\"en\":{\"S\":\"The application did not receive a reply within the allocated time period, try again later\"},\"status\":{\"S\":\"TIMEOUT\"}}",
            "range_key": null,
            "table_name": "ew_validation_service_responsecodes_hmrc"
          },
          "sensitive_attributes": [],
          "private": "bnVsbA==",
          "dependencies": [
            "aws_dynamodb_table.ew_validation_responsecodes"
          ]
        },
        {
          "index_key": "false",
          "schema_version": 0,
          "attributes": {
            "hash_key": "status",
            "id": "ew_validation_service_responsecodes_hmrc|status||false|",
            "item": "{\"de\":{\"S\":\"ungültig\"},\"en\":{\"S\":\"invalid\"},\"status\":{\"S\":\"false\"}}",
            "range_key": null,
            "table_name": "ew_validation_service_responsecodes_hmrc"
          },
          "sensitive_attributes": [],
          "private": "bnVsbA==",
          "dependencies": [
            "aws_dynamodb_table.ew_validation_responsecodes"
          ]
        },
        {
          "index_key": "invalid",
          "schema_version": 0,
          "attributes": {
            "hash_key": "status",
            "id": "ew_validation_service_responsecodes_hmrc|status||invalid|",
            "item": "{\"de\":{\"S\":\"ungültig\"},\"en\":{\"S\":\"invalid\"},\"status\":{\"S\":\"invalid\"}}",
            "range_key": null,
            "table_name": "ew_validation_service_responsecodes_hmrc"
          },
          "sensitive_attributes": [],
          "private": "bnVsbA==",
          "dependencies": [
            "aws_dynamodb_table.ew_validation_responsecodes"
          ]
        },
        {
          "index_key": "name",
          "schema_version": 0,
          "attributes": {
            "hash_key": "status",
            "id": "ew_validation_service_responsecodes_hmrc|status||name|",
            "item": "{\"de\":{\"S\":\"Firma\"},\"en\":{\"S\":\"Company\"},\"status\":{\"S\":\"name\"}}",
            "range_key": null,
            "table_name": "ew_validation_service_responsecodes_hmrc"
          },
          "sensitive_attributes": [],
          "private": "bnVsbA==",
          "dependencies": [
            "aws_dynamodb_table.ew_validation_responsecodes"
          ]
        },
        {
          "index_key": "town",
          "schema_version": 0,
          "attributes": {
            "hash_key": "status",
            "id": "ew_validation_service_responsecodes_hmrc|status||town|",
            "item": "{\"de\":{\"S\":\"Ort\"},\"en\":{\"S\":\"Town\"},\"status\":{\"S\":\"town\"}}",
            "range_key": null,
            "table_name": "ew_validation_service_responsecodes_hmrc"
          },
          "sensitive_attributes": [],
          "private": "bnVsbA==",
          "dependencies": [
            "aws_dynamodb_table.ew_validation_responsecodes"
          ]
        },
        {
          "index_key": "true",
          "schema_version": 0,
          "attributes": {
            "hash_key": "status",
            "id": "ew_validation_service_responsecodes_hmrc|status||true|",
            "item": "{\"de\":{\"S\":\"gültig\"},\"en\":{\"S\":\"valid\"},\"status\":{\"S\":\"true\"}}",
            "range_key": null,
            "table_name": "ew_validation_service_responsecodes_hmrc"
          },
          "sensitive_attributes": [],
          "private": "bnVsbA==",
          "dependencies": [
            "aws_dynamodb_table.ew_validation_responsecodes"
          ]
        },
        {
          "index_key": "valid",
          "schema_version": 0,
          "attributes": {
            "hash_key": "status",
            "id": "ew_validation_service_responsecodes_hmrc|status||valid|",
            "item": "{\"de\":{\"S\":\"gültig\"},\"en\":{\"S\":\"valid\"},\"status\":{\"S\":\"valid\"}}",
            "range_key": null,
            "table_name": "ew_validation_service_responsecodes_hmrc"
          },
          "sensitive_attributes": [],
          "private": "bnVsbA==",
          "dependencies": [
            "aws_dynamodb_table.ew_validation_responsecodes"
          ]
        },
        {
          "index_key": "zip",
          "schema_version": 0,
          "attributes": {
            "hash_key": "status",
            "id": "ew_validation_service_responsecodes_hmrc|status||zip|",
            "item": "{\"de\":{\"S\":\"Postleitzahl\"},\"en\":{\"S\":\"Postalcode\"},\"status\":{\"S\":\"zip\"}}",
            "range_key": null,
            "table_name": "ew_validation_service_responsecodes_hmrc"
          },
          "sensitive_attributes": [],
          "private": "bnVsbA==",
          "dependencies": [
            "aws_dynamodb_table.ew_validation_responsecodes"
          ]
        }
      ]
    },
    {
      "mode": "managed",
      "type": "aws_dynamodb_table_item",
      "name": "responsecode_vies",
      "provider": "provider[\"registry.terraform.io/hashicorp/aws\"]",
      "instances": [
        {
          "index_key": "GLOBAL_MAX_CONCURRENT_REQ",
          "schema_version": 0,
          "attributes": {
            "hash_key": "status",
            "id": "ew_validation_service_responsecodes_vies|status||GLOBAL_MAX_CONCURRENT_REQ|",
            "item": "{\"de\":{\"S\":\"Ihr Antrag auf Umsatzsteuerprüfung wurde nicht bearbeitet; die maximale Anzahl gleichzeitiger Anträge wurde erreicht. Bitte senden Sie Ihre Anfrage später erneut oder kontaktieren Sie TAXUD-VIESWEB@ec.europa.eu für weitere Informationen:Ihre Anfrage kann aufgrund des hohen Traffic auf der Webanwendung nicht bearbeitet werden, bitte versuchen Sie es später noch einmal.\"},\"en\":{\"S\":\"Your Request for VAT validation has not been processed; the maximum number of concurrent requests has been reached. Please re-submit your request later or contact TAXUD-VIESWEB@ec.europa.eu for further information: Your request cannot be processed due to high traffic on the web application. Please try again later.\"},\"status\":{\"S\":\"GLOBAL_MAX_CONCURRENT_REQ\"}}",
            "range_key": null,
            "table_name": "ew_validation_service_responsecodes_vies"
          },
          "sensitive_attributes": [],
          "private": "bnVsbA==",
          "dependencies": [
            "aws_dynamodb_table.ew_validation_responsecodes"
          ]
        },
        {
          "index_key": "INVALID_INPUT",
          "schema_version": 0,
          "attributes": {
            "hash_key": "status",
            "id": "ew_validation_service_responsecodes_vies|status||INVALID_INPUT|",
            "item": "{\"de\":{\"S\":\"Der angegebene Ländercode ist ungültig oder die Umsatzsteuer-Identifikationsnummer ist leer.\"},\"en\":{\"S\":\"The provided CountryCode is invalid or the VAT number is empty\"},\"status\":{\"S\":\"INVALID_INPUT\"}}",
            "range_key": null,
            "table_name": "ew_validation_service_responsecodes_vies"
          },
          "sensitive_attributes": [],
          "private": "bnVsbA==",
          "dependencies": [
            "aws_dynamodb_table.ew_validation_responsecodes"
          ]
        },
        {
          "index_key": "MS_MAX_CONCURRENT_REQ",
          "schema_version": 0,
          "attributes": {
            "hash_key": "status",
            "id": "ew_validation_service_responsecodes_vies|status||MS_MAX_CONCURRENT_REQ|",
            "item": "{\"de\":{\"S\":\"Ihr Antrag auf Validierung der Mehrwertsteuer wurde nicht bearbeitet; die Höchstzahl der gleichzeitigen Anträge für diesen Mitgliedstaat ist erreicht. Bitte senden Sie Ihre Anfrage später erneut oder kontaktieren Sie TAXUD-VIESWEB@ec.europa.eu für weitere Informationen: Ihre Anfrage kann aufgrund des hohen Datenverkehrs mit dem Mitgliedstaat, den Sie zu erreichen versuchen, nicht bearbeitet werden.\"},\"en\":{\"S\":\"Your Request for VAT validation has not been processed; the maximum number of concurrent requests for this Member State has been reached. Please re-submit your request later or contact TAXUD-VIESWEB@ec.europa.eu for further information:Your request cannot be processed due to high traffic towards the Member State you are trying to reach. Please try again later.\"},\"status\":{\"S\":\"MS_MAX_CONCURRENT_REQ\"}}",
            "range_key": null,
            "table_name": "ew_validation_service_responsecodes_vies"
          },
          "sensitive_attributes": [],
          "private": "bnVsbA==",
          "dependencies": [
            "aws_dynamodb_table.ew_validation_responsecodes"
          ]
        },
        {
          "index_key": "MS_UNAVAILABLE",
          "schema_version": 0,
          "attributes": {
            "hash_key": "status",
            "id": "ew_validation_service_responsecodes_vies|status||MS_UNAVAILABLE|",
            "item": "{\"de\":{\"S\":\"Der Antrag des Mitgliedstaates ist nicht beantwortet oder nicht verfügbar. Bitte lesen Sie die Seite mit den technischen Informationen, um den Status des ersuchten Mitgliedstaates zu überprüfen, versuchen Sie es später erneut.\"},\"en\":{\"S\":\"The application at the Member State is not replying or not available. Please refer to the Technical Information page to check the status of the requested Member State, try again later.\"},\"status\":{\"S\":\"MS_UNAVAILABLE\"}}",
            "range_key": null,
            "table_name": "ew_validation_service_responsecodes_vies"
          },
          "sensitive_attributes": [],
          "private": "bnVsbA==",
          "dependencies": [
            "aws_dynamodb_table.ew_validation_responsecodes"
          ]
        },
        {
          "index_key": "SERVICE_UNAVAILABLE",
          "schema_version": 0,
          "attributes": {
            "hash_key": "status",
            "id": "ew_validation_service_responsecodes_vies|status||SERVICE_UNAVAILABLE|",
            "item": "{\"de\":{\"S\":\"Ein Fehler wurde entweder auf Netzwerkebene oder auf Webanwendungsebene festgestellt, versuchen Sie es später erneut.\"},\"en\":{\"S\":\"An error was encountered either at the network level or the Web application level, try again later.\"},\"status\":{\"S\":\"SERVICE_UNAVAILABLE\"}}",
            "range_key": null,
            "table_name": "ew_validation_service_responsecodes_vies"
          },
          "sensitive_attributes": [],
          "private": "bnVsbA==",
          "dependencies": [
            "aws_dynamodb_table.ew_validation_responsecodes"
          ]
        },
        {
          "index_key": "TIMEOUT",
          "schema_version": 0,
          "attributes": {
            "hash_key": "status",
            "id": "ew_validation_service_responsecodes_vies|status||TIMEOUT|",
            "item": "{\"de\":{\"S\":\"Die Anwendung hat innerhalb der vorgegebenen Zeitspanne keine Antwort erhalten, versuchen Sie es später noch einmal.\"},\"en\":{\"S\":\"The application did not receive a reply within the allocated time period, try again later.\"},\"status\":{\"S\":\"TIMEOUT\"}}",
            "range_key": null,
            "table_name": "ew_validation_service_responsecodes_vies"
          },
          "sensitive_attributes": [],
          "private": "bnVsbA==",
          "dependencies": [
            "aws_dynamodb_table.ew_validation_responsecodes"
          ]
        }
      ]
    },
    {
      "mode": "managed",
      "type": "aws_iam_policy",
      "name": "bzst",
      "provider": "provider[\"registry.terraform.io/hashicorp/aws\"]",
      "instances": [
        {
          "schema_version": 0,
          "attributes": {
            "arn": "arn:aws:iam::547989225539:policy/service-role/ew_policy-vat-validate-bzst",
            "description": "",
            "id": "arn:aws:iam::547989225539:policy/service-role/ew_policy-vat-validate-bzst",
            "name": "ew_policy-vat-validate-bzst",
            "name_prefix": "",
            "path": "/service-role/",
            "policy": "{\"Statement\":[{\"Action\":[\"logs:CreateLogStream\",\"logs:PutLogEvents\"],\"Effect\":\"Allow\",\"Resource\":\"arn:aws:logs:eu-central-1:547989225539:log-group:/aws/lambda/vat-validate-bzst:*\",\"Sid\":\"VisualEditor0\"},{\"Action\":[\"dynamodb:BatchGetItem\",\"dynamodb:BatchWriteItem\",\"dynamodb:PutItem\",\"dynamodb:GetItem\",\"dynamodb:Scan\",\"dynamodb:Query\",\"dynamodb:UpdateItem\"],\"Effect\":\"Allow\",\"Resource\":[\"arn:aws:dynamodb:eu-central-1:547989225539:table/ew_validation_service\",\"arn:aws:dynamodb:eu-central-1:547989225539:table/ew_validation_service_responsecodes_bzst\"],\"Sid\":\"VisualEditor1\"}],\"Version\":\"2012-10-17\"}",
            "policy_id": "ANPAX7FVUABBQBQTWCW6G",
            "tags": {},
            "tags_all": {
              "Project": "VAT-Service",
              "terraform": "yes"
            }
          },
          "sensitive_attributes": [],
          "private": "bnVsbA==",
          "dependencies": [
            "aws_cloudwatch_log_group.validate-bzst",
            "aws_dynamodb_table.ew_validation_responsecodes",
            "aws_dynamodb_table.ew_validation_service",
            "aws_iam_role.bzst",
            "aws_lambda_function.bzst",
            "data.archive_file.bzst",
            "data.aws_iam_policy_document.assume_role_lambda"
          ]
        }
      ]
    },
    {
      "mode": "managed",
      "type": "aws_iam_policy",
      "name": "hmrc",
      "provider": "provider[\"registry.terraform.io/hashicorp/aws\"]",
      "instances": [
        {
          "schema_version": 0,
          "attributes": {
            "arn": "arn:aws:iam::547989225539:policy/service-role/ew_policy-vat-validate-hmrc",
            "description": "",
            "id": "arn:aws:iam::547989225539:policy/service-role/ew_policy-vat-validate-hmrc",
            "name": "ew_policy-vat-validate-hmrc",
            "name_prefix": "",
            "path": "/service-role/",
            "policy": "{\"Statement\":[{\"Action\":[\"logs:CreateLogStream\",\"logs:PutLogEvents\"],\"Effect\":\"Allow\",\"Resource\":\"arn:aws:logs:eu-central-1:547989225539:log-group:/aws/lambda/vat-validate-hmrc:*\",\"Sid\":\"VisualEditor0\"},{\"Action\":[\"dynamodb:BatchGetItem\",\"dynamodb:BatchWriteItem\",\"dynamodb:PutItem\",\"dynamodb:GetItem\",\"dynamodb:Scan\",\"dynamodb:Query\",\"dynamodb:UpdateItem\"],\"Effect\":\"Allow\",\"Resource\":[\"arn:aws:dynamodb:eu-central-1:547989225539:table/ew_validation_service\",\"arn:aws:dynamodb:eu-central-1:547989225539:table/ew_validation_service_responsecodes_hmrc\"],\"Sid\":\"VisualEditor1\"}],\"Version\":\"2012-10-17\"}",
            "policy_id": "ANPAX7FVUABBSKLQPSOE4",
            "tags": {},
            "tags_all": {
              "Project": "VAT-Service",
              "terraform": "yes"
            }
          },
          "sensitive_attributes": [],
          "private": "bnVsbA==",
          "dependencies": [
            "aws_cloudwatch_log_group.validate-hmrc",
            "aws_dynamodb_table.ew_validation_responsecodes",
            "aws_dynamodb_table.ew_validation_service",
            "aws_iam_role.hmrc",
            "aws_lambda_function.hmrc",
            "data.archive_file.hmrc",
            "data.aws_iam_policy_document.assume_role_lambda"
          ]
        }
      ]
    },
    {
      "mode": "managed",
      "type": "aws_iam_policy",
      "name": "iam_policy_vat_service",
      "provider": "provider[\"registry.terraform.io/hashicorp/aws\"]",
      "instances": [
        {
          "schema_version": 0,
          "attributes": {
            "arn": "arn:aws:iam::547989225539:policy/service-role/ew_policy-vat-validate",
            "description": "",
            "id": "arn:aws:iam::547989225539:policy/service-role/ew_policy-vat-validate",
            "name": "ew_policy-vat-validate",
            "name_prefix": "",
            "path": "/service-role/",
            "policy": "{\"Statement\":[{\"Action\":[\"logs:CreateLogStream\",\"logs:PutLogEvents\"],\"Effect\":\"Allow\",\"Resource\":\"arn:aws:logs:eu-central-1:547989225539:log-group:/aws/lambda/vat-validate:*\",\"Sid\":\"Cloudwatch\"},{\"Action\":[\"states:StartSyncExecution\"],\"Effect\":\"Allow\",\"Resource\":[\"arn:aws:states:eu-central-1:547989225539:stateMachine:VAT-Validation\"],\"Sid\":\"StepFunction\"}],\"Version\":\"2012-10-17\"}",
            "policy_id": "ANPAX7FVUABBTGXYH2QHC",
            "tags": {},
            "tags_all": {
              "Project": "VAT-Service",
              "terraform": "yes"
            }
          },
          "sensitive_attributes": [],
          "private": "bnVsbA==",
          "dependencies": [
            "aws_cloudwatch_log_group.step-functions",
            "aws_cloudwatch_log_group.validate",
            "aws_iam_role.vat_validate",
            "aws_lambda_function.lambda_validate",
            "aws_sfn_state_machine.validation",
            "data.archive_file.lambda_validate",
            "data.aws_iam_policy_document.assume_role_lambda"
          ]
        }
      ]
    },
    {
      "mode": "managed",
      "type": "aws_iam_policy",
      "name": "sf_lambda",
      "provider": "provider[\"registry.terraform.io/hashicorp/aws\"]",
      "instances": [
        {
          "schema_version": 0,
          "attributes": {
            "arn": "arn:aws:iam::547989225539:policy/service-role/LambdaInvokeScopedAccessPolicy-cd2b2969-2fbe-42af-a31c-164b34dd80e8",
            "description": "Allow AWS Step Functions to invoke Lambda functions on your behalf",
            "id": "arn:aws:iam::547989225539:policy/service-role/LambdaInvokeScopedAccessPolicy-cd2b2969-2fbe-42af-a31c-164b34dd80e8",
            "name": "LambdaInvokeScopedAccessPolicy-cd2b2969-2fbe-42af-a31c-164b34dd80e8",
            "name_prefix": "",
            "path": "/service-role/",
            "policy": "{\"Statement\":[{\"Action\":[\"lambda:InvokeFunction\"],\"Effect\":\"Allow\",\"Resource\":[\"arn:aws:lambda:eu-central-1:547989225539:function:vat-validate-vies:*\",\"arn:aws:lambda:eu-central-1:547989225539:function:vat-validate-bzst:*\",\"arn:aws:lambda:eu-central-1:547989225539:function:vat-validate-hmrc:*\"]},{\"Action\":[\"lambda:InvokeFunction\"],\"Effect\":\"Allow\",\"Resource\":[\"arn:aws:lambda:eu-central-1:547989225539:function:vat-validate-vies\",\"arn:aws:lambda:eu-central-1:547989225539:function:vat-validate-bzst\",\"arn:aws:lambda:eu-central-1:547989225539:function:vat-validate-hmrc\"]}],\"Version\":\"2012-10-17\"}",
            "policy_id": "ANPAX7FVUABB7WYNPPCIU",
            "tags": {},
            "tags_all": {
              "Project": "VAT-Service",
              "terraform": "yes"
            }
          },
          "sensitive_attributes": [],
          "private": "bnVsbA=="
        }
      ]
    },
    {
      "mode": "managed",
      "type": "aws_iam_policy",
      "name": "sf_xray",
      "provider": "provider[\"registry.terraform.io/hashicorp/aws\"]",
      "instances": [
        {
          "schema_version": 0,
          "attributes": {
            "arn": "arn:aws:iam::547989225539:policy/service-role/XRayAccessPolicy-4dc30213-f118-41da-9813-12ef3c432da1",
            "description": "Allow AWS Step Functions to call X-Ray daemon on your behalf",
            "id": "arn:aws:iam::547989225539:policy/service-role/XRayAccessPolicy-4dc30213-f118-41da-9813-12ef3c432da1",
            "name": "XRayAccessPolicy-4dc30213-f118-41da-9813-12ef3c432da1",
            "name_prefix": "",
            "path": "/service-role/",
            "policy": "{\"Statement\":[{\"Action\":[\"xray:PutTraceSegments\",\"xray:PutTelemetryRecords\",\"xray:GetSamplingRules\",\"xray:GetSamplingTargets\"],\"Effect\":\"Allow\",\"Resource\":[\"*\"]}],\"Version\":\"2012-10-17\"}",
            "policy_id": "ANPAX7FVUABBST3F3G5ZL",
            "tags": {},
            "tags_all": {
              "Project": "VAT-Service",
              "terraform": "yes"
            }
          },
          "sensitive_attributes": [],
          "private": "bnVsbA=="
        }
      ]
    },
    {
      "mode": "managed",
      "type": "aws_iam_policy",
      "name": "vies",
      "provider": "provider[\"registry.terraform.io/hashicorp/aws\"]",
      "instances": [
        {
          "schema_version": 0,
          "attributes": {
            "arn": "arn:aws:iam::547989225539:policy/service-role/ew_policy-vat-validate-vies",
            "description": "",
            "id": "arn:aws:iam::547989225539:policy/service-role/ew_policy-vat-validate-vies",
            "name": "ew_policy-vat-validate-vies",
            "name_prefix": "",
            "path": "/service-role/",
            "policy": "{\"Statement\":[{\"Action\":[\"logs:CreateLogStream\",\"logs:PutLogEvents\"],\"Effect\":\"Allow\",\"Resource\":\"arn:aws:logs:eu-central-1:547989225539:log-group:/aws/lambda/vat-validate-vies:*\",\"Sid\":\"VisualEditor0\"},{\"Action\":[\"dynamodb:BatchGetItem\",\"dynamodb:BatchWriteItem\",\"dynamodb:PutItem\",\"dynamodb:GetItem\",\"dynamodb:Scan\",\"dynamodb:Query\",\"dynamodb:UpdateItem\"],\"Effect\":\"Allow\",\"Resource\":[\"arn:aws:dynamodb:eu-central-1:547989225539:table/ew_validation_service\",\"arn:aws:dynamodb:eu-central-1:547989225539:table/ew_validation_service_responsecodes_vies\"],\"Sid\":\"VisualEditor1\"}],\"Version\":\"2012-10-17\"}",
            "policy_id": "ANPAX7FVUABBXPBSOSDDV",
            "tags": {},
            "tags_all": {
              "Project": "VAT-Service",
              "terraform": "yes"
            }
          },
          "sensitive_attributes": [],
          "private": "bnVsbA==",
          "dependencies": [
            "aws_cloudwatch_log_group.validate-vies",
            "aws_dynamodb_table.ew_validation_responsecodes",
            "aws_dynamodb_table.ew_validation_service",
            "aws_iam_role.vies",
            "aws_lambda_function.vies",
            "data.archive_file.vies",
            "data.aws_iam_policy_document.assume_role_lambda"
          ]
        }
      ]
    },
    {
      "mode": "managed",
      "type": "aws_iam_role",
      "name": "bzst",
      "provider": "provider[\"registry.terraform.io/hashicorp/aws\"]",
      "instances": [
        {
          "schema_version": 0,
          "attributes": {
            "arn": "arn:aws:iam::547989225539:role/vat_validate_bzst",
            "assume_role_policy": "{\"Statement\":[{\"Action\":\"sts:AssumeRole\",\"Effect\":\"Allow\",\"Principal\":{\"Service\":\"lambda.amazonaws.com\"}}],\"Version\":\"2012-10-17\"}",
            "create_date": "2024-02-05T21:02:42Z",
            "description": "",
            "force_detach_policies": false,
            "id": "vat_validate_bzst",
            "inline_policy": [],
            "managed_policy_arns": [
              "arn:aws:iam::547989225539:policy/service-role/ew_policy-vat-validate-bzst"
            ],
            "max_session_duration": 3600,
            "name": "vat_validate_bzst",
            "name_prefix": "",
            "path": "/",
            "permissions_boundary": "",
            "tags": {},
            "tags_all": {
              "Project": "VAT-Service",
              "terraform": "yes"
            },
            "unique_id": "AROAX7FVUABB2PVE4YCGN"
          },
          "sensitive_attributes": [],
          "private": "bnVsbA==",
          "dependencies": [
            "data.aws_iam_policy_document.assume_role_lambda"
          ]
        }
      ]
    },
    {
      "mode": "managed",
      "type": "aws_iam_role",
      "name": "hmrc",
      "provider": "provider[\"registry.terraform.io/hashicorp/aws\"]",
      "instances": [
        {
          "schema_version": 0,
          "attributes": {
            "arn": "arn:aws:iam::547989225539:role/vat_validate_hmrc",
            "assume_role_policy": "{\"Statement\":[{\"Action\":\"sts:AssumeRole\",\"Effect\":\"Allow\",\"Principal\":{\"Service\":\"lambda.amazonaws.com\"}}],\"Version\":\"2012-10-17\"}",
            "create_date": "2024-02-07T20:56:07Z",
            "description": "",
            "force_detach_policies": false,
            "id": "vat_validate_hmrc",
            "inline_policy": [],
            "managed_policy_arns": [
              "arn:aws:iam::547989225539:policy/service-role/ew_policy-vat-validate-hmrc"
            ],
            "max_session_duration": 3600,
            "name": "vat_validate_hmrc",
            "name_prefix": "",
            "path": "/",
            "permissions_boundary": "",
            "tags": {},
            "tags_all": {
              "Project": "VAT-Service",
              "terraform": "yes"
            },
            "unique_id": "AROAX7FVUABB4B55ZI7ME"
          },
          "sensitive_attributes": [],
          "private": "bnVsbA==",
          "dependencies": [
            "data.aws_iam_policy_document.assume_role_lambda"
          ]
        }
      ]
    },
    {
      "mode": "managed",
      "type": "aws_iam_role",
      "name": "step_function",
      "provider": "provider[\"registry.terraform.io/hashicorp/aws\"]",
      "instances": [
        {
          "schema_version": 0,
          "attributes": {
            "arn": "arn:aws:iam::547989225539:role/service-role/StepFunctions-MyStateMachine-r4vhmkgsv-role-kqp3ntjb5",
            "assume_role_policy": "{\"Statement\":[{\"Action\":\"sts:AssumeRole\",\"Effect\":\"Allow\",\"Principal\":{\"Service\":\"states.amazonaws.com\"}}],\"Version\":\"2012-10-17\"}",
            "create_date": "2024-02-05T21:23:58Z",
            "description": "",
            "force_detach_policies": false,
            "id": "StepFunctions-MyStateMachine-r4vhmkgsv-role-kqp3ntjb5",
            "inline_policy": [
              {
                "name": "Cloudwatch",
                "policy": "{\"Version\":\"2012-10-17\",\"Statement\":[{\"Action\":[\"logs:CreateLogDelivery\",\"logs:CreateLogStream\",\"logs:GetLogDelivery\",\"logs:UpdateLogDelivery\",\"logs:DeleteLogDelivery\",\"logs:ListLogDeliveries\",\"logs:PutLogEvents\",\"logs:PutResourcePolicy\",\"logs:DescribeResourcePolicies\",\"logs:DescribeLogGroups\"],\"Effect\":\"Allow\",\"Resource\":\"*\"}]}"
              }
            ],
            "managed_policy_arns": [
              "arn:aws:iam::547989225539:policy/service-role/LambdaInvokeScopedAccessPolicy-cd2b2969-2fbe-42af-a31c-164b34dd80e8",
              "arn:aws:iam::547989225539:policy/service-role/XRayAccessPolicy-4dc30213-f118-41da-9813-12ef3c432da1"
            ],
            "max_session_duration": 3600,
            "name": "StepFunctions-MyStateMachine-r4vhmkgsv-role-kqp3ntjb5",
            "name_prefix": "",
            "path": "/service-role/",
            "permissions_boundary": "",
            "tags": {},
            "tags_all": {
              "Project": "VAT-Service",
              "terraform": "yes"
            },
            "unique_id": "AROAX7FVUABB57B6TYDI7"
          },
          "sensitive_attributes": [],
          "private": "bnVsbA==",
          "dependencies": [
            "data.aws_iam_policy_document.assume_role_states"
          ]
        }
      ]
    },
    {
      "mode": "managed",
      "type": "aws_iam_role",
      "name": "vat_validate",
      "provider": "provider[\"registry.terraform.io/hashicorp/aws\"]",
      "instances": [
        {
          "schema_version": 0,
          "attributes": {
            "arn": "arn:aws:iam::547989225539:role/vat_validate",
            "assume_role_policy": "{\"Statement\":[{\"Action\":\"sts:AssumeRole\",\"Effect\":\"Allow\",\"Principal\":{\"Service\":\"lambda.amazonaws.com\"}}],\"Version\":\"2012-10-17\"}",
            "create_date": "2024-02-05T20:21:29Z",
            "description": "",
            "force_detach_policies": false,
            "id": "vat_validate",
            "inline_policy": [],
            "managed_policy_arns": [
              "arn:aws:iam::547989225539:policy/service-role/ew_policy-vat-validate"
            ],
            "max_session_duration": 3600,
            "name": "vat_validate",
            "name_prefix": "",
            "path": "/",
            "permissions_boundary": "",
            "tags": {},
            "tags_all": {
              "Project": "VAT-Service",
              "terraform": "yes"
            },
            "unique_id": "AROAX7FVUABBURLPRBKJY"
          },
          "sensitive_attributes": [],
          "private": "bnVsbA==",
          "dependencies": [
            "data.aws_iam_policy_document.assume_role_lambda"
          ],
          "create_before_destroy": true
        }
      ]
    },
    {
      "mode": "managed",
      "type": "aws_iam_role",
      "name": "vies",
      "provider": "provider[\"registry.terraform.io/hashicorp/aws\"]",
      "instances": [
        {
          "schema_version": 0,
          "attributes": {
            "arn": "arn:aws:iam::547989225539:role/vat_validate_vies",
            "assume_role_policy": "{\"Statement\":[{\"Action\":\"sts:AssumeRole\",\"Effect\":\"Allow\",\"Principal\":{\"Service\":\"lambda.amazonaws.com\"}}],\"Version\":\"2012-10-17\"}",
            "create_date": "2024-02-05T21:02:42Z",
            "description": "",
            "force_detach_policies": false,
            "id": "vat_validate_vies",
            "inline_policy": [],
            "managed_policy_arns": [
              "arn:aws:iam::547989225539:policy/service-role/ew_policy-vat-validate-vies"
            ],
            "max_session_duration": 3600,
            "name": "vat_validate_vies",
            "name_prefix": "",
            "path": "/",
            "permissions_boundary": "",
            "tags": {},
            "tags_all": {
              "Project": "VAT-Service",
              "terraform": "yes"
            },
            "unique_id": "AROAX7FVUABB3AHA6N5GH"
          },
          "sensitive_attributes": [],
          "private": "bnVsbA==",
          "dependencies": [
            "data.aws_iam_policy_document.assume_role_lambda"
          ]
        }
      ]
    },
    {
      "mode": "managed",
      "type": "aws_iam_role_policy_attachment",
      "name": "attach_lambda",
      "provider": "provider[\"registry.terraform.io/hashicorp/aws\"]",
      "instances": [
        {
          "schema_version": 0,
          "attributes": {
            "id": "StepFunctions-MyStateMachine-r4vhmkgsv-role-kqp3ntjb5-20240212211018722100000002",
            "policy_arn": "arn:aws:iam::547989225539:policy/service-role/LambdaInvokeScopedAccessPolicy-cd2b2969-2fbe-42af-a31c-164b34dd80e8",
            "role": "StepFunctions-MyStateMachine-r4vhmkgsv-role-kqp3ntjb5"
          },
          "sensitive_attributes": [],
          "private": "bnVsbA==",
          "dependencies": [
            "aws_iam_policy.sf_lambda",
            "aws_iam_role.step_function",
            "data.aws_iam_policy_document.assume_role_states"
          ]
        }
      ]
    },
    {
      "mode": "managed",
      "type": "aws_iam_role_policy_attachment",
      "name": "attach_xray",
      "provider": "provider[\"registry.terraform.io/hashicorp/aws\"]",
      "instances": [
        {
          "schema_version": 0,
          "attributes": {
            "id": "StepFunctions-MyStateMachine-r4vhmkgsv-role-kqp3ntjb5-20240212211018721600000001",
            "policy_arn": "arn:aws:iam::547989225539:policy/service-role/XRayAccessPolicy-4dc30213-f118-41da-9813-12ef3c432da1",
            "role": "StepFunctions-MyStateMachine-r4vhmkgsv-role-kqp3ntjb5"
          },
          "sensitive_attributes": [],
          "private": "bnVsbA==",
          "dependencies": [
            "aws_iam_policy.sf_xray",
            "aws_iam_role.step_function",
            "data.aws_iam_policy_document.assume_role_states"
          ]
        }
      ]
    },
    {
      "mode": "managed",
      "type": "aws_iam_role_policy_attachment",
      "name": "bzst",
      "provider": "provider[\"registry.terraform.io/hashicorp/aws\"]",
      "instances": [
        {
          "schema_version": 0,
          "attributes": {
            "id": "vat_validate_bzst-20240205210428131200000003",
            "policy_arn": "arn:aws:iam::547989225539:policy/service-role/ew_policy-vat-validate-bzst",
            "role": "vat_validate_bzst"
          },
          "sensitive_attributes": [],
          "private": "bnVsbA==",
          "dependencies": [
            "aws_cloudwatch_log_group.validate-bzst",
            "aws_dynamodb_table.ew_validation_responsecodes",
            "aws_dynamodb_table.ew_validation_service",
            "aws_iam_policy.bzst",
            "aws_iam_role.bzst",
            "aws_lambda_function.bzst",
            "data.archive_file.bzst",
            "data.aws_iam_policy_document.assume_role_lambda"
          ]
        }
      ]
    },
    {
      "mode": "managed",
      "type": "aws_iam_role_policy_attachment",
      "name": "hmrc",
      "provider": "provider[\"registry.terraform.io/hashicorp/aws\"]",
      "instances": [
        {
          "schema_version": 0,
          "attributes": {
            "id": "vat_validate_hmrc-20240207205746713100000001",
            "policy_arn": "arn:aws:iam::547989225539:policy/service-role/ew_policy-vat-validate-hmrc",
            "role": "vat_validate_hmrc"
          },
          "sensitive_attributes": [],
          "private": "bnVsbA==",
          "dependencies": [
            "aws_cloudwatch_log_group.validate-hmrc",
            "aws_dynamodb_table.ew_validation_responsecodes",
            "aws_dynamodb_table.ew_validation_service",
            "aws_iam_policy.hmrc",
            "aws_iam_role.hmrc",
            "aws_lambda_function.hmrc",
            "data.archive_file.hmrc",
            "data.aws_iam_policy_document.assume_role_lambda"
          ]
        }
      ]
    },
    {
      "mode": "managed",
      "type": "aws_iam_role_policy_attachment",
      "name": "role_policy_ew_idvalidation_licenceinfo",
      "provider": "provider[\"registry.terraform.io/hashicorp/aws\"]",
      "instances": [
        {
          "schema_version": 0,
          "attributes": {
            "id": "vat_validate-20240205202250059000000001",
            "policy_arn": "arn:aws:iam::547989225539:policy/service-role/ew_policy-vat-validate",
            "role": "vat_validate"
          },
          "sensitive_attributes": [],
          "private": "bnVsbA==",
          "dependencies": [
            "aws_cloudwatch_log_group.step-functions",
            "aws_cloudwatch_log_group.validate",
            "aws_iam_policy.iam_policy_vat_service",
            "aws_iam_role.vat_validate",
            "aws_lambda_function.lambda_validate",
            "aws_sfn_state_machine.validation",
            "data.archive_file.lambda_validate",
            "data.aws_iam_policy_document.assume_role_lambda"
          ]
        }
      ]
    },
    {
      "mode": "managed",
      "type": "aws_iam_role_policy_attachment",
      "name": "vies",
      "provider": "provider[\"registry.terraform.io/hashicorp/aws\"]",
      "instances": [
        {
          "schema_version": 0,
          "attributes": {
            "id": "vat_validate_vies-20240205210416909400000001",
            "policy_arn": "arn:aws:iam::547989225539:policy/service-role/ew_policy-vat-validate-vies",
            "role": "vat_validate_vies"
          },
          "sensitive_attributes": [],
          "private": "bnVsbA==",
          "dependencies": [
            "aws_cloudwatch_log_group.validate-vies",
            "aws_dynamodb_table.ew_validation_responsecodes",
            "aws_dynamodb_table.ew_validation_service",
            "aws_iam_policy.vies",
            "aws_iam_role.vies",
            "aws_lambda_function.vies",
            "data.archive_file.vies",
            "data.aws_iam_policy_document.assume_role_lambda"
          ]
        }
      ]
    },
    {
      "mode": "managed",
      "type": "aws_lambda_function",
      "name": "bzst",
      "provider": "provider[\"registry.terraform.io/hashicorp/aws\"]",
      "instances": [
        {
          "schema_version": 0,
          "attributes": {
            "architectures": [
              "x86_64"
            ],
            "arn": "arn:aws:lambda:eu-central-1:547989225539:function:vat-validate-bzst",
            "code_signing_config_arn": "",
            "dead_letter_config": [],
            "description": "",
            "environment": [
              {
                "variables": {
                  "DYNAMODB": "ew_validation_service",
                  "DYNAMODB_CODES": "ew_validation_service_responsecodes_bzst",
                  "TYPE": "bzst",
                  "URL": "https://evatr.bff-online.de/evatrRPC"
                }
              }
            ],
            "ephemeral_storage": [
              {
                "size": 512
              }
            ],
            "file_system_config": [],
            "filename": "lambda/bzst/lambda_function.zip",
            "function_name": "vat-validate-bzst",
            "handler": "lambda_function.lambda_handler",
            "id": "vat-validate-bzst",
            "image_config": [],
            "image_uri": "",
            "invoke_arn": "arn:aws:apigateway:eu-central-1:lambda:path/2015-03-31/functions/arn:aws:lambda:eu-central-1:547989225539:function:vat-validate-bzst/invocations",
            "kms_key_arn": "",
            "last_modified": "2024-02-23T20:59:48.000+0000",
            "layers": [],
            "logging_config": [
              {
                "application_log_level": "",
                "log_format": "Text",
                "log_group": "/aws/lambda/vat-validate-bzst",
                "system_log_level": ""
              }
            ],
            "memory_size": 128,
            "package_type": "Zip",
            "publish": false,
            "qualified_arn": "arn:aws:lambda:eu-central-1:547989225539:function:vat-validate-bzst:$LATEST",
            "qualified_invoke_arn": "arn:aws:apigateway:eu-central-1:lambda:path/2015-03-31/functions/arn:aws:lambda:eu-central-1:547989225539:function:vat-validate-bzst:$LATEST/invocations",
            "replace_security_groups_on_destroy": null,
            "replacement_security_group_ids": null,
            "reserved_concurrent_executions": -1,
            "role": "arn:aws:iam::547989225539:role/vat_validate_bzst",
            "runtime": "python3.12",
            "s3_bucket": null,
            "s3_key": null,
            "s3_object_version": null,
            "signing_job_arn": "",
            "signing_profile_version_arn": "",
            "skip_destroy": false,
            "snap_start": [],
            "source_code_hash": "2ggUkCtGrWV7m+YivM7VRqsgDrvfwrx4DyKMg7x8zus=",
            "source_code_size": 1587,
            "tags": {},
            "tags_all": {
              "Project": "VAT-Service",
              "terraform": "yes"
            },
            "timeout": 10,
            "timeouts": null,
            "tracing_config": [
              {
                "mode": "PassThrough"
              }
            ],
            "version": "$LATEST",
            "vpc_config": []
          },
          "sensitive_attributes": [],
          "private": "eyJlMmJmYjczMC1lY2FhLTExZTYtOGY4OC0zNDM2M2JjN2M0YzAiOnsiY3JlYXRlIjo2MDAwMDAwMDAwMDAsImRlbGV0ZSI6NjAwMDAwMDAwMDAwLCJ1cGRhdGUiOjYwMDAwMDAwMDAwMH19",
          "dependencies": [
            "aws_dynamodb_table.ew_validation_responsecodes",
            "aws_dynamodb_table.ew_validation_service",
            "aws_iam_role.bzst",
            "data.archive_file.bzst",
            "data.aws_iam_policy_document.assume_role_lambda"
          ]
        }
      ]
    },
    {
      "mode": "managed",
      "type": "aws_lambda_function",
      "name": "hmrc",
      "provider": "provider[\"registry.terraform.io/hashicorp/aws\"]",
      "instances": [
        {
          "schema_version": 0,
          "attributes": {
            "architectures": [
              "x86_64"
            ],
            "arn": "arn:aws:lambda:eu-central-1:547989225539:function:vat-validate-hmrc",
            "code_signing_config_arn": "",
            "dead_letter_config": [],
            "description": "",
            "environment": [
              {
                "variables": {
                  "DYNAMODB": "ew_validation_service",
                  "DYNAMODB_CODES": "ew_validation_service_responsecodes_hmrc",
                  "TYPE": "hmrc",
                  "URL": "https://api.service.hmrc.gov.uk/organisations/vat/check-vat-number/lookup/"
                }
              }
            ],
            "ephemeral_storage": [
              {
                "size": 512
              }
            ],
            "file_system_config": [],
            "filename": "lambda/hmrc/lambda_function.zip",
            "function_name": "vat-validate-hmrc",
            "handler": "lambda_function.lambda_handler",
            "id": "vat-validate-hmrc",
            "image_config": [],
            "image_uri": "",
            "invoke_arn": "arn:aws:apigateway:eu-central-1:lambda:path/2015-03-31/functions/arn:aws:lambda:eu-central-1:547989225539:function:vat-validate-hmrc/invocations",
            "kms_key_arn": "",
            "last_modified": "2024-02-23T21:10:20.000+0000",
            "layers": [],
            "logging_config": [
              {
                "application_log_level": "",
                "log_format": "Text",
                "log_group": "/aws/lambda/vat-validate-hmrc",
                "system_log_level": ""
              }
            ],
            "memory_size": 128,
            "package_type": "Zip",
            "publish": false,
            "qualified_arn": "arn:aws:lambda:eu-central-1:547989225539:function:vat-validate-hmrc:$LATEST",
            "qualified_invoke_arn": "arn:aws:apigateway:eu-central-1:lambda:path/2015-03-31/functions/arn:aws:lambda:eu-central-1:547989225539:function:vat-validate-hmrc:$LATEST/invocations",
            "replace_security_groups_on_destroy": null,
            "replacement_security_group_ids": null,
            "reserved_concurrent_executions": -1,
            "role": "arn:aws:iam::547989225539:role/vat_validate_hmrc",
            "runtime": "python3.12",
            "s3_bucket": null,
            "s3_key": null,
            "s3_object_version": null,
            "signing_job_arn": "",
            "signing_profile_version_arn": "",
            "skip_destroy": false,
            "snap_start": [],
            "source_code_hash": "vn88SGN0Y8T4+yWjgfqQj+wBoTLwOWbUIhmLZq4I9YQ=",
            "source_code_size": 1429,
            "tags": {},
            "tags_all": {
              "Project": "VAT-Service",
              "terraform": "yes"
            },
            "timeout": 10,
            "timeouts": null,
            "tracing_config": [
              {
                "mode": "PassThrough"
              }
            ],
            "version": "$LATEST",
            "vpc_config": []
          },
          "sensitive_attributes": [],
          "private": "eyJlMmJmYjczMC1lY2FhLTExZTYtOGY4OC0zNDM2M2JjN2M0YzAiOnsiY3JlYXRlIjo2MDAwMDAwMDAwMDAsImRlbGV0ZSI6NjAwMDAwMDAwMDAwLCJ1cGRhdGUiOjYwMDAwMDAwMDAwMH19",
          "dependencies": [
            "aws_dynamodb_table.ew_validation_responsecodes",
            "aws_dynamodb_table.ew_validation_service",
            "aws_iam_role.hmrc",
            "data.archive_file.hmrc",
            "data.aws_iam_policy_document.assume_role_lambda"
          ]
        }
      ]
    },
    {
      "mode": "managed",
      "type": "aws_lambda_function",
      "name": "lambda_validate",
      "provider": "provider[\"registry.terraform.io/hashicorp/aws\"]",
      "instances": [
        {
          "schema_version": 0,
          "attributes": {
            "architectures": [
              "x86_64"
            ],
            "arn": "arn:aws:lambda:eu-central-1:547989225539:function:vat-validate",
            "code_signing_config_arn": "",
            "dead_letter_config": [],
            "description": "",
            "environment": [
              {
                "variables": {
                  "STEPFUNCTION": "arn:aws:states:eu-central-1:547989225539:stateMachine:VAT-Validation"
                }
              }
            ],
            "ephemeral_storage": [
              {
                "size": 512
              }
            ],
            "file_system_config": [],
            "filename": "lambda/validate/lambda_function.zip",
            "function_name": "vat-validate",
            "handler": "lambda_function.lambda_handler",
            "id": "vat-validate",
            "image_config": [],
            "image_uri": "",
            "invoke_arn": "arn:aws:apigateway:eu-central-1:lambda:path/2015-03-31/functions/arn:aws:lambda:eu-central-1:547989225539:function:vat-validate/invocations",
            "kms_key_arn": "",
            "last_modified": "2024-02-23T20:39:06.000+0000",
            "layers": [],
            "logging_config": [
              {
                "application_log_level": "",
                "log_format": "Text",
                "log_group": "/aws/lambda/vat-validate",
                "system_log_level": ""
              }
            ],
            "memory_size": 128,
            "package_type": "Zip",
            "publish": false,
            "qualified_arn": "arn:aws:lambda:eu-central-1:547989225539:function:vat-validate:$LATEST",
            "qualified_invoke_arn": "arn:aws:apigateway:eu-central-1:lambda:path/2015-03-31/functions/arn:aws:lambda:eu-central-1:547989225539:function:vat-validate:$LATEST/invocations",
            "replace_security_groups_on_destroy": null,
            "replacement_security_group_ids": null,
            "reserved_concurrent_executions": -1,
            "role": "arn:aws:iam::547989225539:role/vat_validate",
            "runtime": "python3.12",
            "s3_bucket": null,
            "s3_key": null,
            "s3_object_version": null,
            "signing_job_arn": "",
            "signing_profile_version_arn": "",
            "skip_destroy": false,
            "snap_start": [],
            "source_code_hash": "YTjKhDmaSRLnrDoNCpbYJWLozwFvoUZV7QkC3+YBe0c=",
            "source_code_size": 1106,
            "tags": {},
            "tags_all": {
              "Project": "VAT-Service",
              "terraform": "yes"
            },
            "timeout": 10,
            "timeouts": null,
            "tracing_config": [
              {
                "mode": "PassThrough"
              }
            ],
            "version": "$LATEST",
            "vpc_config": []
          },
          "sensitive_attributes": [],
          "private": "eyJlMmJmYjczMC1lY2FhLTExZTYtOGY4OC0zNDM2M2JjN2M0YzAiOnsiY3JlYXRlIjo2MDAwMDAwMDAwMDAsImRlbGV0ZSI6NjAwMDAwMDAwMDAwLCJ1cGRhdGUiOjYwMDAwMDAwMDAwMH19",
          "dependencies": [
            "aws_cloudwatch_log_group.step-functions",
            "aws_iam_role.vat_validate",
            "aws_sfn_state_machine.validation",
            "data.archive_file.lambda_validate",
            "data.aws_iam_policy_document.assume_role_lambda"
          ],
          "create_before_destroy": true
        }
      ]
    },
    {
      "mode": "managed",
      "type": "aws_lambda_function",
      "name": "vies",
      "provider": "provider[\"registry.terraform.io/hashicorp/aws\"]",
      "instances": [
        {
          "schema_version": 0,
          "attributes": {
            "architectures": [
              "x86_64"
            ],
            "arn": "arn:aws:lambda:eu-central-1:547989225539:function:vat-validate-vies",
            "code_signing_config_arn": "",
            "dead_letter_config": [],
            "description": "",
            "environment": [
              {
                "variables": {
                  "DYNAMODB": "ew_validation_service",
                  "DYNAMODB_CODES": "ew_validation_service_responsecodes_vies",
                  "TYPE": "vies",
                  "URL": "https://ec.europa.eu/taxation_customs/vies/services/checkVatService"
                }
              }
            ],
            "ephemeral_storage": [
              {
                "size": 512
              }
            ],
            "file_system_config": [],
            "filename": "lambda/vies/lambda_function.zip",
            "function_name": "vat-validate-vies",
            "handler": "lambda_function.lambda_handler",
            "id": "vat-validate-vies",
            "image_config": [],
            "image_uri": "",
            "invoke_arn": "arn:aws:apigateway:eu-central-1:lambda:path/2015-03-31/functions/arn:aws:lambda:eu-central-1:547989225539:function:vat-validate-vies/invocations",
            "kms_key_arn": "",
            "last_modified": "2024-02-23T21:07:40.000+0000",
            "layers": [],
            "logging_config": [
              {
                "application_log_level": "",
                "log_format": "Text",
                "log_group": "/aws/lambda/vat-validate-vies",
                "system_log_level": ""
              }
            ],
            "memory_size": 128,
            "package_type": "Zip",
            "publish": false,
            "qualified_arn": "arn:aws:lambda:eu-central-1:547989225539:function:vat-validate-vies:$LATEST",
            "qualified_invoke_arn": "arn:aws:apigateway:eu-central-1:lambda:path/2015-03-31/functions/arn:aws:lambda:eu-central-1:547989225539:function:vat-validate-vies:$LATEST/invocations",
            "replace_security_groups_on_destroy": null,
            "replacement_security_group_ids": null,
            "reserved_concurrent_executions": -1,
            "role": "arn:aws:iam::547989225539:role/vat_validate_vies",
            "runtime": "python3.12",
            "s3_bucket": null,
            "s3_key": null,
            "s3_object_version": null,
            "signing_job_arn": "",
            "signing_profile_version_arn": "",
            "skip_destroy": false,
            "snap_start": [],
            "source_code_hash": "7xtZnFdkRqi+DbakhX+NKXEEAxLj8F7SNoxup8QeOVA=",
            "source_code_size": 1883,
            "tags": {},
            "tags_all": {
              "Project": "VAT-Service",
              "terraform": "yes"
            },
            "timeout": 10,
            "timeouts": null,
            "tracing_config": [
              {
                "mode": "PassThrough"
              }
            ],
            "version": "$LATEST",
            "vpc_config": []
          },
          "sensitive_attributes": [],
          "private": "eyJlMmJmYjczMC1lY2FhLTExZTYtOGY4OC0zNDM2M2JjN2M0YzAiOnsiY3JlYXRlIjo2MDAwMDAwMDAwMDAsImRlbGV0ZSI6NjAwMDAwMDAwMDAwLCJ1cGRhdGUiOjYwMDAwMDAwMDAwMH19",
          "dependencies": [
            "aws_dynamodb_table.ew_validation_responsecodes",
            "aws_dynamodb_table.ew_validation_service",
            "aws_iam_role.vies",
            "data.archive_file.vies",
            "data.aws_iam_policy_document.assume_role_lambda"
          ]
        }
      ]
    },
    {
      "mode": "managed",
      "type": "aws_lambda_permission",
      "name": "bzst",
      "provider": "provider[\"registry.terraform.io/hashicorp/aws\"]",
      "instances": [
        {
          "schema_version": 0,
          "attributes": {
            "action": "lambda:InvokeFunction",
            "event_source_token": null,
            "function_name": "vat-validate-bzst",
            "function_url_auth_type": null,
            "id": "AllowEWAPIInvoke",
            "principal": "apigateway.amazonaws.com",
            "principal_org_id": null,
            "qualifier": "",
            "source_account": null,
            "source_arn": "arn:aws:execute-api:eu-central-1:547989225539:x7dkfhk6wb/*",
            "statement_id": "AllowEWAPIInvoke",
            "statement_id_prefix": ""
          },
          "sensitive_attributes": [],
          "private": "bnVsbA==",
          "dependencies": [
            "aws_api_gateway_rest_api.vat_service",
            "aws_dynamodb_table.ew_validation_responsecodes",
            "aws_dynamodb_table.ew_validation_service",
            "aws_iam_role.bzst",
            "aws_lambda_function.bzst",
            "data.archive_file.bzst",
            "data.aws_iam_policy_document.assume_role_lambda"
          ]
        }
      ]
    },
    {
      "mode": "managed",
      "type": "aws_lambda_permission",
      "name": "hmrc",
      "provider": "provider[\"registry.terraform.io/hashicorp/aws\"]",
      "instances": [
        {
          "schema_version": 0,
          "attributes": {
            "action": "lambda:InvokeFunction",
            "event_source_token": null,
            "function_name": "vat-validate-hmrc",
            "function_url_auth_type": null,
            "id": "AllowEWAPIInvoke",
            "principal": "apigateway.amazonaws.com",
            "principal_org_id": null,
            "qualifier": "",
            "source_account": null,
            "source_arn": "arn:aws:execute-api:eu-central-1:547989225539:x7dkfhk6wb/*",
            "statement_id": "AllowEWAPIInvoke",
            "statement_id_prefix": ""
          },
          "sensitive_attributes": [],
          "private": "bnVsbA==",
          "dependencies": [
            "aws_api_gateway_rest_api.vat_service",
            "aws_dynamodb_table.ew_validation_responsecodes",
            "aws_dynamodb_table.ew_validation_service",
            "aws_iam_role.hmrc",
            "aws_lambda_function.hmrc",
            "data.archive_file.hmrc",
            "data.aws_iam_policy_document.assume_role_lambda"
          ]
        }
      ]
    },
    {
      "mode": "managed",
      "type": "aws_lambda_permission",
      "name": "lambda_vat_service",
      "provider": "provider[\"registry.terraform.io/hashicorp/aws\"]",
      "instances": [
        {
          "schema_version": 0,
          "attributes": {
            "action": "lambda:InvokeFunction",
            "event_source_token": null,
            "function_name": "vat-validate",
            "function_url_auth_type": null,
            "id": "AllowEWAPIInvoke",
            "principal": "apigateway.amazonaws.com",
            "principal_org_id": null,
            "qualifier": "",
            "source_account": null,
            "source_arn": "arn:aws:execute-api:eu-central-1:547989225539:x7dkfhk6wb/*",
            "statement_id": "AllowEWAPIInvoke",
            "statement_id_prefix": ""
          },
          "sensitive_attributes": [],
          "private": "bnVsbA==",
          "dependencies": [
            "aws_api_gateway_rest_api.vat_service",
            "aws_cloudwatch_log_group.step-functions",
            "aws_iam_role.vat_validate",
            "aws_lambda_function.lambda_validate",
            "aws_sfn_state_machine.validation",
            "data.archive_file.lambda_validate",
            "data.aws_iam_policy_document.assume_role_lambda"
          ]
        }
      ]
    },
    {
      "mode": "managed",
      "type": "aws_lambda_permission",
      "name": "vies",
      "provider": "provider[\"registry.terraform.io/hashicorp/aws\"]",
      "instances": [
        {
          "schema_version": 0,
          "attributes": {
            "action": "lambda:InvokeFunction",
            "event_source_token": null,
            "function_name": "vat-validate-vies",
            "function_url_auth_type": null,
            "id": "AllowEWAPIInvoke",
            "principal": "apigateway.amazonaws.com",
            "principal_org_id": null,
            "qualifier": "",
            "source_account": null,
            "source_arn": "arn:aws:execute-api:eu-central-1:547989225539:x7dkfhk6wb/*",
            "statement_id": "AllowEWAPIInvoke",
            "statement_id_prefix": ""
          },
          "sensitive_attributes": [],
          "private": "bnVsbA==",
          "dependencies": [
            "aws_api_gateway_rest_api.vat_service",
            "aws_dynamodb_table.ew_validation_responsecodes",
            "aws_dynamodb_table.ew_validation_service",
            "aws_iam_role.vies",
            "aws_lambda_function.vies",
            "data.archive_file.vies",
            "data.aws_iam_policy_document.assume_role_lambda"
          ]
        }
      ]
    },
    {
      "mode": "managed",
      "type": "aws_route53_record",
      "name": "vat_erpware_co",
      "provider": "provider[\"registry.terraform.io/hashicorp/aws\"]",
      "instances": [
        {
          "schema_version": 2,
          "attributes": {
            "alias": [
              {
                "evaluate_target_health": true,
                "name": "d-c2dxn2gcb2.execute-api.eu-central-1.amazonaws.com",
                "zone_id": "Z1U9ULNL0V5AJ3"
              }
            ],
            "allow_overwrite": null,
            "cidr_routing_policy": [],
            "failover_routing_policy": [],
            "fqdn": "vat.erpware.co",
            "geolocation_routing_policy": [],
            "geoproximity_routing_policy": [],
            "health_check_id": "",
            "id": "Z048046123LPTCQH2N1X_vat.erpware.co_A",
            "latency_routing_policy": [],
            "multivalue_answer_routing_policy": false,
            "name": "vat.erpware.co",
            "records": [],
            "set_identifier": "",
            "ttl": 0,
            "type": "A",
            "weighted_routing_policy": [],
            "zone_id": "Z048046123LPTCQH2N1X"
          },
          "sensitive_attributes": [],
          "private": "eyJzY2hlbWFfdmVyc2lvbiI6IjIifQ==",
          "dependencies": [
            "aws_acm_certificate.vat_erpware_co",
            "aws_acm_certificate_validation.vat_erpware_co",
            "aws_api_gateway_domain_name.vat_erpware_co",
            "aws_route53_record.vat_erpware_co_acm",
            "data.aws_route53_zone.erpware_co"
          ]
        }
      ]
    },
    {
      "mode": "managed",
      "type": "aws_route53_record",
      "name": "vat_erpware_co_acm",
      "provider": "provider[\"registry.terraform.io/hashicorp/aws\"]",
      "instances": [
        {
          "index_key": "vat.erpware.co",
          "schema_version": 2,
          "attributes": {
            "alias": [],
            "allow_overwrite": true,
            "cidr_routing_policy": [],
            "failover_routing_policy": [],
            "fqdn": "_2abf8dbdde292f3f26b8d037d2192658.vat.erpware.co",
            "geolocation_routing_policy": [],
            "geoproximity_routing_policy": [],
            "health_check_id": "",
            "id": "Z048046123LPTCQH2N1X__2abf8dbdde292f3f26b8d037d2192658.vat.erpware.co._CNAME",
            "latency_routing_policy": [],
            "multivalue_answer_routing_policy": false,
            "name": "_2abf8dbdde292f3f26b8d037d2192658.vat.erpware.co",
            "records": [
              "_a1586f13c64b9beba2f8952087ccdc53.mhbtsbpdnt.acm-validations.aws."
            ],
            "set_identifier": "",
            "ttl": 60,
            "type": "CNAME",
            "weighted_routing_policy": [],
            "zone_id": "Z048046123LPTCQH2N1X"
          },
          "sensitive_attributes": [],
          "private": "eyJzY2hlbWFfdmVyc2lvbiI6IjIifQ==",
          "dependencies": [
            "aws_acm_certificate.vat_erpware_co",
            "data.aws_route53_zone.erpware_co"
          ]
        }
      ]
    },
    {
      "mode": "managed",
      "type": "aws_sfn_state_machine",
      "name": "validation",
      "provider": "provider[\"registry.terraform.io/hashicorp/aws\"]",
      "instances": [
        {
          "schema_version": 0,
          "attributes": {
            "arn": "arn:aws:states:eu-central-1:547989225539:stateMachine:VAT-Validation",
            "creation_date": "2024-02-10T21:11:51Z",
            "definition": "{\"Comment\":\"A description of my state machine\",\"StartAt\":\"Is_GB\",\"States\":{\"BZST\":{\"End\":true,\"OutputPath\":\"$.Payload\",\"Parameters\":{\"FunctionName\":\"arn:aws:lambda:eu-central-1:547989225539:function:vat-validate-bzst:$LATEST\",\"Payload.$\":\"$\"},\"Resource\":\"arn:aws:states:::lambda:invoke\",\"Retry\":[{\"BackoffRate\":2,\"ErrorEquals\":[\"Lambda.ServiceException\",\"Lambda.AWSLambdaException\",\"Lambda.SdkClientException\",\"Lambda.TooManyRequestsException\"],\"IntervalSeconds\":1,\"MaxAttempts\":3}],\"Type\":\"Task\"},\"Choose_Type\":{\"Choices\":[{\"Next\":\"BZST\",\"StringEquals\":\"bzst\",\"Variable\":\"$.type\"}],\"Default\":\"VIES\",\"Type\":\"Choice\"},\"HMRC\":{\"End\":true,\"OutputPath\":\"$.Payload\",\"Parameters\":{\"FunctionName\":\"arn:aws:lambda:eu-central-1:547989225539:function:vat-validate-hmrc:$LATEST\",\"Payload.$\":\"$\"},\"Resource\":\"arn:aws:states:::lambda:invoke\",\"Retry\":[{\"BackoffRate\":2,\"ErrorEquals\":[\"Lambda.ServiceException\",\"Lambda.AWSLambdaException\",\"Lambda.SdkClientException\",\"Lambda.TooManyRequestsException\"],\"IntervalSeconds\":1,\"MaxAttempts\":3}],\"Type\":\"Task\"},\"Is_GB\":{\"Choices\":[{\"Next\":\"HMRC\",\"StringMatches\":\"GB*\",\"Variable\":\"$.foreignvat\"}],\"Default\":\"Choose_Type\",\"Type\":\"Choice\"},\"VIES\":{\"End\":true,\"OutputPath\":\"$.Payload\",\"Parameters\":{\"FunctionName\":\"arn:aws:lambda:eu-central-1:547989225539:function:vat-validate-vies:$LATEST\",\"Payload.$\":\"$\"},\"Resource\":\"arn:aws:states:::lambda:invoke\",\"Retry\":[{\"BackoffRate\":2,\"ErrorEquals\":[\"Lambda.ServiceException\",\"Lambda.AWSLambdaException\",\"Lambda.SdkClientException\",\"Lambda.TooManyRequestsException\"],\"IntervalSeconds\":1,\"MaxAttempts\":3}],\"Type\":\"Task\"}}}",
            "description": "",
            "id": "arn:aws:states:eu-central-1:547989225539:stateMachine:VAT-Validation",
            "logging_configuration": [
              {
                "include_execution_data": true,
                "level": "ALL",
                "log_destination": "arn:aws:logs:eu-central-1:547989225539:log-group:/aws/vendedlogs/states/VAT-Validation:*"
              }
            ],
            "name": "VAT-Validation",
            "name_prefix": "",
            "publish": false,
            "revision_id": "dd560353-2097-414e-9ab5-6dd380e2d827",
            "role_arn": "arn:aws:iam::547989225539:role/service-role/StepFunctions-MyStateMachine-r4vhmkgsv-role-kqp3ntjb5",
            "state_machine_version_arn": "",
            "status": "ACTIVE",
            "tags": {},
            "tags_all": {
              "Project": "VAT-Service",
              "terraform": "yes"
            },
            "timeouts": null,
            "tracing_configuration": [
              {
                "enabled": false
              }
            ],
            "type": "EXPRESS",
            "version_description": null
          },
          "sensitive_attributes": [],
          "private": "eyJlMmJmYjczMC1lY2FhLTExZTYtOGY4OC0zNDM2M2JjN2M0YzAiOnsiY3JlYXRlIjozMDAwMDAwMDAwMDAsImRlbGV0ZSI6MzAwMDAwMDAwMDAwLCJ1cGRhdGUiOjYwMDAwMDAwMDAwfX0=",
          "dependencies": [
            "aws_cloudwatch_log_group.step-functions"
          ],
          "create_before_destroy": true
        }
      ]
    }
  ],
  "check_results": null
}
